// !$*UTF8*$!
{
	archiveVersion = 1;
	classes = {
	};
	objectVersion = 55;
	objects = {

		6B34E3A4E021469D92590101 = {
			isa = PBXFileReference;
			path = "App/AppEnvironment.swift";
			sourceTree = "<group>";
			lastKnownFileType = sourcecode.swift;
		};

		4EBAD4A4E63A4070AEF8B32C = {
			isa = PBXBuildFile;
			fileRef = 6B34E3A4E021469D92590101;
		};

		BCF411F250D544F9BD66D600 = {
			isa = PBXFileReference;
			path = "App/CommonVerifyView.swift";
			sourceTree = "<group>";
			lastKnownFileType = sourcecode.swift;
		};

		91E881F8FBC14A5E987B699C = {
			isa = PBXBuildFile;
			fileRef = BCF411F250D544F9BD66D600;
		};

		3C4E27036C2F4988B6EFB078 = {
			isa = PBXFileReference;
			path = "App/ContentView.swift";
			sourceTree = "<group>";
			lastKnownFileType = sourcecode.swift;
		};

		FA7482AD7BA044C38A575A44 = {
			isa = PBXBuildFile;
			fileRef = 3C4E27036C2F4988B6EFB078;
		};

		38A2AB75887B487A90CC2A02 = {
			isa = PBXFileReference;
			path = "App/ModelTestView.swift";
			sourceTree = "<group>";
			lastKnownFileType = sourcecode.swift;
		};

		911C0404441949B6B7170FA8 = {
			isa = PBXBuildFile;
			fileRef = 38A2AB75887B487A90CC2A02;
		};

		C78AF0C1F87746AD8F0584C0 = {
			isa = PBXFileReference;
			path = "App/TabNavigationView.swift";
			sourceTree = "<group>";
			lastKnownFileType = sourcecode.swift;
		};

		0292022AB13A4B24B058C3C9 = {
			isa = PBXBuildFile;
			fileRef = C78AF0C1F87746AD8F0584C0;
		};

		4D4511EDFAA844CFB4F4C455 = {
			isa = PBXFileReference;
			path = Assets.xcassets;
			sourceTree = "<group>";
			lastKnownFileType = folder.assetcatalog;
		};

		A93D3EADEF1D4984A16A700F = {
			isa = PBXBuildFile;
			fileRef = 4D4511EDFAA844CFB4F4C455;
		};

		386C5E6494FF4EB0866B3AA7 = {
			isa = PBXFileReference;
			path = "Common/BalanceSnapshotService.swift";
			sourceTree = "<group>";
			lastKnownFileType = sourcecode.swift;
		};

		D5A30F7E454242A491DA15CB = {
			isa = PBXBuildFile;
			fileRef = 386C5E6494FF4EB0866B3AA7;
		};

		D74D2CB1E1F74FF2AE8262D6 = {
			isa = PBXFileReference;
			path = "Common/CategorySeeder.swift";
			sourceTree = "<group>";
			lastKnownFileType = sourcecode.swift;
		};

		62C3E8C4863C4775A04A33F6 = {
			isa = PBXBuildFile;
			fileRef = D74D2CB1E1F74FF2AE8262D6;
		};

		AD0EF63C34004A13ABE5EA4C = {
			isa = PBXFileReference;
			path = "Common/Components/ColorPickerView.swift";
			sourceTree = "<group>";
			lastKnownFileType = sourcecode.swift;
		};

		BFDF986E263F4FB09E46A5B5 = {
			isa = PBXBuildFile;
			fileRef = AD0EF63C34004A13ABE5EA4C;
		};

		45B9DA81B4B6422083662ADF = {
			isa = PBXFileReference;
			path = "Common/Components/EmptyStateView.swift";
			sourceTree = "<group>";
			lastKnownFileType = sourcecode.swift;
		};

		99FCE65A029C43DEB007043A = {
			isa = PBXBuildFile;
			fileRef = 45B9DA81B4B6422083662ADF;
		};

		38CFA97B63A3444F85A62104 = {
			isa = PBXFileReference;
			path = "Common/Components/IconPickerView.swift";
			sourceTree = "<group>";
			lastKnownFileType = sourcecode.swift;
		};

		CD262A532D6F4ADABD4C60A9 = {
			isa = PBXBuildFile;
			fileRef = 38CFA97B63A3444F85A62104;
		};

		66DCF5FD1345465B968BF15C = {
			isa = PBXFileReference;
			path = "Common/Components/LoadingView.swift";
			sourceTree = "<group>";
			lastKnownFileType = sourcecode.swift;
		};

		E86A444C54414836ABDD79B0 = {
			isa = PBXBuildFile;
			fileRef = 66DCF5FD1345465B968BF15C;
		};

		6BF5548690B14E1C905896DA = {
			isa = PBXFileReference;
			path = "Common/Components/NumberTicker.swift";
			sourceTree = "<group>";
			lastKnownFileType = sourcecode.swift;
		};

		74D4F9914FE147F19AFC4AAF = {
			isa = PBXBuildFile;
			fileRef = 6BF5548690B14E1C905896DA;
		};

		86A76747B3AB4C0BB08AB0E4 = {
			isa = PBXFileReference;
			path = "Common/Components/ShareSheet.swift";
			sourceTree = "<group>";
			lastKnownFileType = sourcecode.swift;
		};

		02772433B1BE4659B6AF90D4 = {
			isa = PBXBuildFile;
			fileRef = 86A76747B3AB4C0BB08AB0E4;
		};

		F0056456984C4C5E9DC1C557 = {
			isa = PBXFileReference;
			path = "Common/ExportService.swift";
			sourceTree = "<group>";
			lastKnownFileType = sourcecode.swift;
		};

		7C15F80C805547EEA8A25CDC = {
			isa = PBXBuildFile;
			fileRef = F0056456984C4C5E9DC1C557;
		};

		D55256051A17473F871E8E4A = {
			isa = PBXFileReference;
			path = "Common/Extensions/Color+Extensions.swift";
			sourceTree = "<group>";
			lastKnownFileType = sourcecode.swift;
		};

		CAFDD8DAEB4246DCAA232A3D = {
			isa = PBXBuildFile;
			fileRef = D55256051A17473F871E8E4A;
		};

		56F1C6B3A90F4F48A6C615C5 = {
			isa = PBXFileReference;
			path = "Common/Extensions/Date+Extensions.swift";
			sourceTree = "<group>";
			lastKnownFileType = sourcecode.swift;
		};

		6D505E68F35843968DF9CF3E = {
			isa = PBXBuildFile;
			fileRef = 56F1C6B3A90F4F48A6C615C5;
		};

		FAEE434FC8A14CB0A9DEB3A8 = {
			isa = PBXFileReference;
			path = "Common/Extensions/Decimal+Extensions.swift";
			sourceTree = "<group>";
			lastKnownFileType = sourcecode.swift;
		};

		5B733EA154AA422E92175EEB = {
			isa = PBXBuildFile;
			fileRef = FAEE434FC8A14CB0A9DEB3A8;
		};

		1502463FF98345A894BCDC89 = {
			isa = PBXFileReference;
			path = "Common/Extensions/Double+Extensions.swift";
			sourceTree = "<group>";
			lastKnownFileType = sourcecode.swift;
		};

		2E17AD262D9642DF9B8DCEC2 = {
			isa = PBXBuildFile;
			fileRef = 1502463FF98345A894BCDC89;
		};

		5D18BD5E4FB547F19EEBACFE = {
			isa = PBXFileReference;
			path = "Common/Extensions/String+Extensions.swift";
			sourceTree = "<group>";
			lastKnownFileType = sourcecode.swift;
		};

		C1AA8DABF7B845E4A6A6CEA0 = {
			isa = PBXBuildFile;
			fileRef = 5D18BD5E4FB547F19EEBACFE;
		};

		BBEA015086D240B188E44AF9 = {
			isa = PBXFileReference;
			path = "Common/Theme/AppTheme.swift";
			sourceTree = "<group>";
			lastKnownFileType = sourcecode.swift;
		};

		15E5A89F623346E19DFFC625 = {
			isa = PBXBuildFile;
			fileRef = BBEA015086D240B188E44AF9;
		};

		EA9AAA5169104B45AF1CE568 = {
			isa = PBXFileReference;
			path = "Data/Persistence.swift";
			sourceTree = "<group>";
			lastKnownFileType = sourcecode.swift;
		};

		81D4C601C37848A981B90961 = {
			isa = PBXBuildFile;
			fileRef = EA9AAA5169104B45AF1CE568;
		};

		4DE7C1DF8E7C4159B4E0AF06 = {
			isa = PBXFileReference;
			path = "Features/Accounts/AccountsView.swift";
			sourceTree = "<group>";
			lastKnownFileType = sourcecode.swift;
		};

		CB9D3F11979F482A9D844935 = {
			isa = PBXBuildFile;
			fileRef = 4DE7C1DF8E7C4159B4E0AF06;
		};

		B3ED1D496EE64CA987DAE9F5 = {
			isa = PBXFileReference;
			path = "Features/Accounts/AccountsViewModel.swift";
			sourceTree = "<group>";
			lastKnownFileType = sourcecode.swift;
		};

		6A43B3B0F6784718A25E5AAE = {
			isa = PBXBuildFile;
			fileRef = B3ED1D496EE64CA987DAE9F5;
		};

		B4052AECFBF94C87B4CA00AC = {
			isa = PBXFileReference;
			path = "Features/Accounts/AddEditAccountView.swift";
			sourceTree = "<group>";
			lastKnownFileType = sourcecode.swift;
		};

		C81589D770974184A71CF94C = {
			isa = PBXBuildFile;
			fileRef = B4052AECFBF94C87B4CA00AC;
		};

		730D1D75FA344A4C8C374FB3 = {
			isa = PBXFileReference;
			path = "Features/BudgetGoals/AddEditBudgetView.swift";
			sourceTree = "<group>";
			lastKnownFileType = sourcecode.swift;
		};

		5727126E30C04622801C486B = {
			isa = PBXBuildFile;
			fileRef = 730D1D75FA344A4C8C374FB3;
		};

		D0481FEDBF6C4ED0AC20BE32 = {
			isa = PBXFileReference;
			path = "Features/BudgetGoals/AddEditGoalView.swift";
			sourceTree = "<group>";
			lastKnownFileType = sourcecode.swift;
		};

		4ABFA50A007A4ADCB4381553 = {
			isa = PBXBuildFile;
			fileRef = D0481FEDBF6C4ED0AC20BE32;
		};

		1DC00F8D9C01441F987227C3 = {
			isa = PBXFileReference;
			path = "Features/BudgetGoals/BudgetGoalsView.swift";
			sourceTree = "<group>";
			lastKnownFileType = sourcecode.swift;
		};

		3D25390A27AB44749B1D4B69 = {
			isa = PBXBuildFile;
			fileRef = 1DC00F8D9C01441F987227C3;
		};

		94573691697D42FBBE4BD5F9 = {
			isa = PBXFileReference;
			path = "Features/BudgetGoals/BudgetGoalsViewModel.swift";
			sourceTree = "<group>";
			lastKnownFileType = sourcecode.swift;
		};

		1FE9A440A17C412F93A340EE = {
			isa = PBXBuildFile;
			fileRef = 94573691697D42FBBE4BD5F9;
		};

		9BF65549BBCB498FB7F0D2A0 = {
			isa = PBXFileReference;
			path = "Features/BudgetGoals/BudgetService.swift";
			sourceTree = "<group>";
			lastKnownFileType = sourcecode.swift;
		};

		32DF2A4B61604E6F81A3342B = {
			isa = PBXBuildFile;
			fileRef = 9BF65549BBCB498FB7F0D2A0;
		};

		06E4C3E369844A76A2A2ADE7 = {
			isa = PBXFileReference;
			path = "Features/BudgetGoals/GoalDetailView.swift";
			sourceTree = "<group>";
			lastKnownFileType = sourcecode.swift;
		};

		6A40B7EE1D0A48ADB7F94B20 = {
			isa = PBXBuildFile;
			fileRef = 06E4C3E369844A76A2A2ADE7;
		};

		82FE9852401C41EBACED4E1E = {
			isa = PBXFileReference;
			path = "Features/BudgetGoals/PlanningView.swift";
			sourceTree = "<group>";
			lastKnownFileType = sourcecode.swift;
		};

		69BF305FF8B342AFBF437602 = {
			isa = PBXBuildFile;
			fileRef = 82FE9852401C41EBACED4E1E;
		};

		DBDFEA734DB34F24971835D2 = {
			isa = PBXFileReference;
			path = "Features/BudgetGoals/SavingsGoalsListView.swift";
			sourceTree = "<group>";
			lastKnownFileType = sourcecode.swift;
		};

		F75E8A84FFA84F318953DDD0 = {
			isa = PBXBuildFile;
			fileRef = DBDFEA734DB34F24971835D2;
		};

		26C187B41DDB4D8493115B1A = {
			isa = PBXFileReference;
			path = "Features/Categories/CategoriesView.swift";
			sourceTree = "<group>";
			lastKnownFileType = sourcecode.swift;
		};

		BB0BE5CE8E8649D794BD7887 = {
			isa = PBXBuildFile;
			fileRef = 26C187B41DDB4D8493115B1A;
		};

		C7C943FA24524A6ABC3B2493 = {
			isa = PBXFileReference;
			path = "Features/Categories/CategoriesViewModel.swift";
			sourceTree = "<group>";
			lastKnownFileType = sourcecode.swift;
		};

		E8F72499AA2D4CD2A6FB92DE = {
			isa = PBXBuildFile;
			fileRef = C7C943FA24524A6ABC3B2493;
		};

		2461FA759CEF4EFF9C8226B6 = {
			isa = PBXFileReference;
			path = "Features/Dashboard/DashboardView.swift";
			sourceTree = "<group>";
			lastKnownFileType = sourcecode.swift;
		};

		D7FAA76F6563437C9C162955 = {
			isa = PBXBuildFile;
			fileRef = 2461FA759CEF4EFF9C8226B6;
		};

		8461C779436341298D23A917 = {
			isa = PBXFileReference;
			path = "Features/Dashboard/DashboardViewModel.swift";
			sourceTree = "<group>";
			lastKnownFileType = sourcecode.swift;
		};

		84515EBE88FD4C53ADB49567 = {
			isa = PBXBuildFile;
			fileRef = 8461C779436341298D23A917;
		};

		1FC6FDF60141405CAD988D38 = {
			isa = PBXFileReference;
			path = "Features/Dashboard/NetWorthTrendView.swift";
			sourceTree = "<group>";
			lastKnownFileType = sourcecode.swift;
		};

		B5F613A522434A80963F0CF0 = {
			isa = PBXBuildFile;
			fileRef = 1FC6FDF60141405CAD988D38;
		};

		BAAB759B2B4347428A3D81EB = {
			isa = PBXFileReference;
			path = "Features/MoodAnalytics/MoodAnalyticsService.swift";
			sourceTree = "<group>";
			lastKnownFileType = sourcecode.swift;
		};

		855293C6FB344FD0B47C8230 = {
			isa = PBXBuildFile;
			fileRef = BAAB759B2B4347428A3D81EB;
		};

		8E3EF6118A354220BC775313 = {
			isa = PBXFileReference;
			path = "Features/MoodAnalytics/MoodAnalyticsView.swift";
			sourceTree = "<group>";
			lastKnownFileType = sourcecode.swift;
		};

		B1D1C702CCBF4C2E8E3187D0 = {
			isa = PBXBuildFile;
			fileRef = 8E3EF6118A354220BC775313;
		};

		32C0A72020BF4753B4F87A42 = {
			isa = PBXFileReference;
			path = "Features/Onboarding/OnboardingView.swift";
			sourceTree = "<group>";
			lastKnownFileType = sourcecode.swift;
		};

		D71F6CE1BF5C40288C5A3CF6 = {
			isa = PBXBuildFile;
			fileRef = 32C0A72020BF4753B4F87A42;
		};

		2D3E4CAA8AAC489FB15E7BC3 = {
			isa = PBXFileReference;
			path = "Features/Reports/Components/PieChartView.swift";
			sourceTree = "<group>";
			lastKnownFileType = sourcecode.swift;
		};

		92F6CFB148604EB085857787 = {
			isa = PBXBuildFile;
			fileRef = 2D3E4CAA8AAC489FB15E7BC3;
		};

		F6A523E304814C53AC191D14 = {
			isa = PBXFileReference;
			path = "Features/Reports/MonthlyReportService.swift";
			sourceTree = "<group>";
			lastKnownFileType = sourcecode.swift;
		};

		83029744B6854729BEDF7B52 = {
			isa = PBXBuildFile;
			fileRef = F6A523E304814C53AC191D14;
		};

		92C527D0F156417F9E06D177 = {
			isa = PBXFileReference;
			path = "Features/Reports/ReportsView.swift";
			sourceTree = "<group>";
			lastKnownFileType = sourcecode.swift;
		};

		38F28C66D18441A1B8A1FACF = {
			isa = PBXBuildFile;
			fileRef = 92C527D0F156417F9E06D177;
		};

		C87981B8F57D44A69528C94D = {
			isa = PBXFileReference;
			path = "Features/Settings/AddEditCategoryView.swift";
			sourceTree = "<group>";
			lastKnownFileType = sourcecode.swift;
		};

		3FA92A52686545BBB9FCE80F = {
			isa = PBXBuildFile;
			fileRef = C87981B8F57D44A69528C94D;
		};

		E5F2087A9B0941EAB1F33E35 = {
			isa = PBXFileReference;
			path = "Features/Settings/CategorySettingsView.swift";
			sourceTree = "<group>";
			lastKnownFileType = sourcecode.swift;
		};

		EDA13025FA484F818ABECB19 = {
			isa = PBXBuildFile;
			fileRef = E5F2087A9B0941EAB1F33E35;
		};

		777295DF29C94C07970822F9 = {
			isa = PBXFileReference;
			path = "Features/Settings/SettingsView.swift";
			sourceTree = "<group>";
			lastKnownFileType = sourcecode.swift;
		};

		3F19F07E12BD4468BB6B9E39 = {
			isa = PBXBuildFile;
			fileRef = 777295DF29C94C07970822F9;
		};

		A1B77B880EC7492DB398D078 = {
			isa = PBXFileReference;
			path = "Features/Settings/SettingsViewModel.swift";
			sourceTree = "<group>";
			lastKnownFileType = sourcecode.swift;
		};

		6EBE2811F0E649829C00F7F7 = {
			isa = PBXBuildFile;
			fileRef = A1B77B880EC7492DB398D078;
		};

		BB76B88E92734BB993C06366 = {
			isa = PBXFileReference;
			path = "Features/Subscription/AddEditSubscriptionView.swift";
			sourceTree = "<group>";
			lastKnownFileType = sourcecode.swift;
		};

		F6047797F5BD490CA122D76E = {
			isa = PBXBuildFile;
			fileRef = BB76B88E92734BB993C06366;
		};

		C5FD5904CA4A4FE8A5C27DA8 = {
			isa = PBXFileReference;
			path = "Features/Subscription/SubscriptionListView.swift";
			sourceTree = "<group>";
			lastKnownFileType = sourcecode.swift;
		};

		00B5371086434AB2B600DE87 = {
			isa = PBXBuildFile;
			fileRef = C5FD5904CA4A4FE8A5C27DA8;
		};

		AEB40B98081A48D28B8D6F5D = {
			isa = PBXFileReference;
			path = "Features/Transactions/AddEditTransactionView.swift";
			sourceTree = "<group>";
			lastKnownFileType = sourcecode.swift;
		};

		84B1A3BDF40244D2A568CD87 = {
			isa = PBXBuildFile;
			fileRef = AEB40B98081A48D28B8D6F5D;
		};

		985A63179EFD42A8922D5D44 = {
			isa = PBXFileReference;
			path = "Features/Transactions/AddTransactionView.swift";
			sourceTree = "<group>";
			lastKnownFileType = sourcecode.swift;
		};

		8EA5424C1562482F9E525718 = {
			isa = PBXBuildFile;
			fileRef = 985A63179EFD42A8922D5D44;
		};

		11FC03470D0246F5AE914F9C = {
			isa = PBXFileReference;
			path = "Features/Transactions/TransactionListView.swift";
			sourceTree = "<group>";
			lastKnownFileType = sourcecode.swift;
		};

		9BC470DF1DB144AD8668A905 = {
			isa = PBXBuildFile;
			fileRef = 11FC03470D0246F5AE914F9C;
		};

		DC4B6B3E52934353AE113C5D = {
			isa = PBXFileReference;
			path = "Features/Transactions/TransactionService.swift";
			sourceTree = "<group>";
			lastKnownFileType = sourcecode.swift;
		};

		6F9551536EDF422B9366633A = {
			isa = PBXBuildFile;
			fileRef = DC4B6B3E52934353AE113C5D;
		};

		C6D91A04142242ACACFBF84D = {
			isa = PBXFileReference;
			path = "Features/Transactions/TransactionsViewModel.swift";
			sourceTree = "<group>";
			lastKnownFileType = sourcecode.swift;
		};

		EB041955C366405486FD934D = {
			isa = PBXBuildFile;
			fileRef = C6D91A04142242ACACFBF84D;
		};

		BE5FAAFA2906437AAB0F1053 = {
			isa = PBXFileReference;
			path = FinFlowApp.swift;
			sourceTree = "<group>";
			lastKnownFileType = sourcecode.swift;
		};

		222A3DF1B998442DAD8DE19A = {
			isa = PBXBuildFile;
			fileRef = BE5FAAFA2906437AAB0F1053;
		};

		8247156D38354A24AB2A6AA5 = {
			isa = PBXFileReference;
			path = Info.plist;
			sourceTree = "<group>";
			lastKnownFileType = text.plist.xml;
		};

		DCD73BDDC5824E2692D8797F = {
			isa = PBXFileReference;
			path = "Models/Account.swift";
			sourceTree = "<group>";
			lastKnownFileType = sourcecode.swift;
		};

		46092566AFA14A47ABC15B9A = {
			isa = PBXBuildFile;
			fileRef = DCD73BDDC5824E2692D8797F;
		};

		8CBFEBEACE8D44D390DF8AFD = {
			isa = PBXFileReference;
			path = "Models/AccountType.swift";
			sourceTree = "<group>";
			lastKnownFileType = sourcecode.swift;
		};

		33923D9A289D4BA3A6D1F173 = {
			isa = PBXBuildFile;
			fileRef = 8CBFEBEACE8D44D390DF8AFD;
		};

		4381F0E8BA15412BA03C2A59 = {
			isa = PBXFileReference;
			path = "Models/Budget.swift";
			sourceTree = "<group>";
			lastKnownFileType = sourcecode.swift;
		};

		4C9BA4B43BAC4F02A99FEA61 = {
			isa = PBXBuildFile;
			fileRef = 4381F0E8BA15412BA03C2A59;
		};

		8CD090D34A9242FB8C46327A = {
			isa = PBXFileReference;
			path = "Models/Category.swift";
			sourceTree = "<group>";
			lastKnownFileType = sourcecode.swift;
		};

		64FD96686EFD454CAEFD3AF9 = {
			isa = PBXBuildFile;
			fileRef = 8CD090D34A9242FB8C46327A;
		};

		1EB0B896325D4F3995521ED3 = {
			isa = PBXFileReference;
			path = "Models/CategoryType.swift";
			sourceTree = "<group>";
			lastKnownFileType = sourcecode.swift;
		};

		1A87E67CC4ED49D9B0A6C5E3 = {
			isa = PBXBuildFile;
			fileRef = 1EB0B896325D4F3995521ED3;
		};

		39AE8BAA85F34CF7B810ECB7 = {
			isa = PBXFileReference;
			path = "Models/ModelPreviewData.swift";
			sourceTree = "<group>";
			lastKnownFileType = sourcecode.swift;
		};

		F916D8B579EB490E822A8435 = {
			isa = PBXBuildFile;
			fileRef = 39AE8BAA85F34CF7B810ECB7;
		};

		1AEC10E4E95B4D8AA4631C18 = {
			isa = PBXFileReference;
			path = "Models/README.md";
			sourceTree = "<group>";
			lastKnownFileType = text;
		};

		ECDE5D57D5344B82B85FE283 = {
			isa = PBXFileReference;
			path = "Models/SavingsGoal.swift";
			sourceTree = "<group>";
			lastKnownFileType = sourcecode.swift;
		};

		299FD4EC8C8445BC8FD43548 = {
			isa = PBXBuildFile;
			fileRef = ECDE5D57D5344B82B85FE283;
		};

		5DFD6CA331AE4028A651AB0E = {
			isa = PBXFileReference;
			path = "Models/Subscription.swift";
			sourceTree = "<group>";
			lastKnownFileType = sourcecode.swift;
		};

		8325449F80B64C5C99EEE981 = {
			isa = PBXBuildFile;
			fileRef = 5DFD6CA331AE4028A651AB0E;
		};

		F6A6EFA5A0CB4291A3E89FD8 = {
			isa = PBXFileReference;
			path = "Models/Transaction.swift";
			sourceTree = "<group>";
			lastKnownFileType = sourcecode.swift;
		};

		501DA6C0C52249C3B0763BE3 = {
			isa = PBXBuildFile;
			fileRef = F6A6EFA5A0CB4291A3E89FD8;
		};

		428DD307CB944C12927699A0 = {
			isa = PBXFileReference;
			path = "Models/TransactionType.swift";
			sourceTree = "<group>";
			lastKnownFileType = sourcecode.swift;
		};

		4B090473509247F78387AA6C = {
			isa = PBXBuildFile;
			fileRef = 428DD307CB944C12927699A0;
		};

		090F647B4D334BC2A501F923 = {
			isa = PBXFileReference;
			path = "Models/UserSettings.swift";
			sourceTree = "<group>";
			lastKnownFileType = sourcecode.swift;
		};

		35E13ADD24B54427B455EC96 = {
			isa = PBXBuildFile;
			fileRef = 090F647B4D334BC2A501F923;
		};

		A11C3CDF5EEE429FAA1DF41E = {
			isa = PBXSourcesBuildPhase;
			buildActionMask = 2147483647;
			files = (
				4EBAD4A4E63A4070AEF8B32C,
				91E881F8FBC14A5E987B699C,
				FA7482AD7BA044C38A575A44,
				911C0404441949B6B7170FA8,
				0292022AB13A4B24B058C3C9,
				D5A30F7E454242A491DA15CB,
				62C3E8C4863C4775A04A33F6,
				BFDF986E263F4FB09E46A5B5,
				99FCE65A029C43DEB007043A,
				CD262A532D6F4ADABD4C60A9,
				E86A444C54414836ABDD79B0,
				74D4F9914FE147F19AFC4AAF,
				02772433B1BE4659B6AF90D4,
				7C15F80C805547EEA8A25CDC,
				CAFDD8DAEB4246DCAA232A3D,
				6D505E68F35843968DF9CF3E,
				5B733EA154AA422E92175EEB,
				2E17AD262D9642DF9B8DCEC2,
				C1AA8DABF7B845E4A6A6CEA0,
				15E5A89F623346E19DFFC625,
				81D4C601C37848A981B90961,
				CB9D3F11979F482A9D844935,
				6A43B3B0F6784718A25E5AAE,
				C81589D770974184A71CF94C,
				5727126E30C04622801C486B,
				4ABFA50A007A4ADCB4381553,
				3D25390A27AB44749B1D4B69,
				1FE9A440A17C412F93A340EE,
				32DF2A4B61604E6F81A3342B,
				6A40B7EE1D0A48ADB7F94B20,
				69BF305FF8B342AFBF437602,
				F75E8A84FFA84F318953DDD0,
				BB0BE5CE8E8649D794BD7887,
				E8F72499AA2D4CD2A6FB92DE,
				D7FAA76F6563437C9C162955,
				84515EBE88FD4C53ADB49567,
				B5F613A522434A80963F0CF0,
				855293C6FB344FD0B47C8230,
				B1D1C702CCBF4C2E8E3187D0,
				D71F6CE1BF5C40288C5A3CF6,
				92F6CFB148604EB085857787,
				83029744B6854729BEDF7B52,
				38F28C66D18441A1B8A1FACF,
				3FA92A52686545BBB9FCE80F,
				EDA13025FA484F818ABECB19,
				3F19F07E12BD4468BB6B9E39,
				6EBE2811F0E649829C00F7F7,
				F6047797F5BD490CA122D76E,
				00B5371086434AB2B600DE87,
				84B1A3BDF40244D2A568CD87,
				8EA5424C1562482F9E525718,
				9BC470DF1DB144AD8668A905,
				6F9551536EDF422B9366633A,
				EB041955C366405486FD934D,
				222A3DF1B998442DAD8DE19A,
				46092566AFA14A47ABC15B9A,
				33923D9A289D4BA3A6D1F173,
				4C9BA4B43BAC4F02A99FEA61,
				64FD96686EFD454CAEFD3AF9,
				1A87E67CC4ED49D9B0A6C5E3,
				F916D8B579EB490E822A8435,
				299FD4EC8C8445BC8FD43548,
				8325449F80B64C5C99EEE981,
				501DA6C0C52249C3B0763BE3,
				4B090473509247F78387AA6C,
				35E13ADD24B54427B455EC96
			);
			runOnlyForDeploymentPostprocessing = 0;
		};

		C650017465A34A33BBD8FBB8 = {
			isa = PBXResourcesBuildPhase;
			buildActionMask = 2147483647;
			files = (
				A93D3EADEF1D4984A16A700F
			);
			runOnlyForDeploymentPostprocessing = 0;
		};

		0478F5A8888945CDA323E409 = {
			isa = PBXGroup;
			children = (
				6B34E3A4E021469D92590101,
				BCF411F250D544F9BD66D600,
				3C4E27036C2F4988B6EFB078,
				38A2AB75887B487A90CC2A02,
				C78AF0C1F87746AD8F0584C0,
				4D4511EDFAA844CFB4F4C455,
				386C5E6494FF4EB0866B3AA7,
				D74D2CB1E1F74FF2AE8262D6,
				AD0EF63C34004A13ABE5EA4C,
				45B9DA81B4B6422083662ADF,
				38CFA97B63A3444F85A62104,
				66DCF5FD1345465B968BF15C,
				6BF5548690B14E1C905896DA,
				86A76747B3AB4C0BB08AB0E4,
				F0056456984C4C5E9DC1C557,
				D55256051A17473F871E8E4A,
				56F1C6B3A90F4F48A6C615C5,
				FAEE434FC8A14CB0A9DEB3A8,
				1502463FF98345A894BCDC89,
				5D18BD5E4FB547F19EEBACFE,
				BBEA015086D240B188E44AF9,
				EA9AAA5169104B45AF1CE568,
				4DE7C1DF8E7C4159B4E0AF06,
				B3ED1D496EE64CA987DAE9F5,
				B4052AECFBF94C87B4CA00AC,
				730D1D75FA344A4C8C374FB3,
				D0481FEDBF6C4ED0AC20BE32,
				1DC00F8D9C01441F987227C3,
				94573691697D42FBBE4BD5F9,
				9BF65549BBCB498FB7F0D2A0,
				06E4C3E369844A76A2A2ADE7,
				82FE9852401C41EBACED4E1E,
				DBDFEA734DB34F24971835D2,
				26C187B41DDB4D8493115B1A,
				C7C943FA24524A6ABC3B2493,
				2461FA759CEF4EFF9C8226B6,
				8461C779436341298D23A917,
				1FC6FDF60141405CAD988D38,
				BAAB759B2B4347428A3D81EB,
				8E3EF6118A354220BC775313,
				32C0A72020BF4753B4F87A42,
				2D3E4CAA8AAC489FB15E7BC3,
				F6A523E304814C53AC191D14,
				92C527D0F156417F9E06D177,
				C87981B8F57D44A69528C94D,
				E5F2087A9B0941EAB1F33E35,
				777295DF29C94C07970822F9,
				A1B77B880EC7492DB398D078,
				BB76B88E92734BB993C06366,
				C5FD5904CA4A4FE8A5C27DA8,
				AEB40B98081A48D28B8D6F5D,
				985A63179EFD42A8922D5D44,
				11FC03470D0246F5AE914F9C,
				DC4B6B3E52934353AE113C5D,
				C6D91A04142242ACACFBF84D,
				BE5FAAFA2906437AAB0F1053,
				8247156D38354A24AB2A6AA5,
				DCD73BDDC5824E2692D8797F,
				8CBFEBEACE8D44D390DF8AFD,
				4381F0E8BA15412BA03C2A59,
				8CD090D34A9242FB8C46327A,
				1EB0B896325D4F3995521ED3,
				39AE8BAA85F34CF7B810ECB7,
				1AEC10E4E95B4D8AA4631C18,
				ECDE5D57D5344B82B85FE283,
				5DFD6CA331AE4028A651AB0E,
				F6A6EFA5A0CB4291A3E89FD8,
				428DD307CB944C12927699A0,
				090F647B4D334BC2A501F923,
				6195B4954E874CF99AD30BB1
			);
			sourceTree = "<group>";
		};

		6195B4954E874CF99AD30BB1 = {
			isa = PBXGroup;
			children = (
				82D89B798DE44788AF9EFBDB
			);
			name = Products;
			sourceTree = "<group>";
		};

		82D89B798DE44788AF9EFBDB = {
			isa = PBXFileReference;
			explicitFileType = wrapper.application;
			includeInIndex = 0;
			path = FinFlow.app;
			sourceTree = BUILT_PRODUCTS_DIR;
		};

		8EDAC51FAB5646E2AE6EF072 = {
			isa = XCBuildConfiguration;
			buildSettings = {
				ALWAYS_SEARCH_USER_PATHS = NO;
				CLANG_ENABLE_MODULES = YES;
				CLANG_ENABLE_OBJC_ARC = YES;
				CODE_SIGN_STYLE = Automatic;
				COPY_PHASE_STRIP = NO;
				DEBUG_INFORMATION_FORMAT = dwarf;
				ENABLE_STRICT_OBJC_MSGSEND = YES;
				GCC_DYNAMIC_NO_PIC = NO;
				GCC_OPTIMIZATION_LEVEL = 0;
				GCC_PREPROCESSOR_DEFINITIONS = (
					"DEBUG=1",
					"$(inherited)"
				);
				GCC_SYMBOLS_PRIVATE_EXTERN = NO;
				IPHONEOS_DEPLOYMENT_TARGET = 17.0;
				MTL_ENABLE_DEBUG_INFO = INCLUDE_SOURCE;
				MTL_FAST_MATH = YES;
				ONLY_ACTIVE_ARCH = YES;
				SDKROOT = iphoneos;
				SWIFT_OPTIMIZATION_LEVEL = "-Onone";
				SWIFT_VERSION = 5.0;
			};
			name = Debug;
		};

		A190B3FD3D3340F0BF54DAC4 = {
			isa = XCBuildConfiguration;
			buildSettings = {
				ALWAYS_SEARCH_USER_PATHS = NO;
				CLANG_ENABLE_MODULES = YES;
				CLANG_ENABLE_OBJC_ARC = YES;
				CODE_SIGN_STYLE = Automatic;
				COPY_PHASE_STRIP = NO;
				DEBUG_INFORMATION_FORMAT = "dwarf-with-dsym";
				ENABLE_NS_ASSERTIONS = NO;
				ENABLE_STRICT_OBJC_MSGSEND = YES;
				IPHONEOS_DEPLOYMENT_TARGET = 17.0;
				MTL_ENABLE_DEBUG_INFO = NO;
				MTL_FAST_MATH = YES;
				SDKROOT = iphoneos;
				SWIFT_COMPILATION_MODE = wholemodule;
				SWIFT_OPTIMIZATION_LEVEL = "-O";
				SWIFT_VERSION = 5.0;
				VALIDATE_PRODUCT = YES;
			};
			name = Release;
		};

		624DA055D70641D1A30CF4FE = {
			isa = XCConfigurationList;
			buildConfigurations = (
				8EDAC51FAB5646E2AE6EF072,
				A190B3FD3D3340F0BF54DAC4
			);
			defaultConfigurationIsVisible = 0;
			defaultConfigurationName = Release;
		};

		03BF8C8DADE348C68021A057 = {
			isa = XCBuildConfiguration;
			buildSettings = {
				ASSETCATALOG_COMPILER_APPICON_NAME = AppIcon;
				ASSETCATALOG_COMPILER_GLOBAL_ACCENT_COLOR_NAME = AccentColor;
				CODE_SIGN_STYLE = Automatic;
				CURRENT_PROJECT_VERSION = 1;
				DEVELOPMENT_TEAM = "";
				GENERATE_INFOPLIST_FILE = NO;
				INFOPLIST_FILE = Info.plist;
				IPHONEOS_DEPLOYMENT_TARGET = 17.0;
				LD_RUNPATH_SEARCH_PATHS = (
					"$(inherited)",
					"@executable_path/Frameworks"
				);
				MARKETING_VERSION = 1.0;
				PRODUCT_BUNDLE_IDENTIFIER = com.leonard1220.FinFlow;
				PRODUCT_NAME = "$(TARGET_NAME)";
				SWIFT_EMIT_LOC_STRINGS = YES;
				SWIFT_VERSION = 5.0;
				TARGETED_DEVICE_FAMILY = "1,2";
			};
			name = Debug;
		};

		8F0E6641682B4CA7B0797644 = {
			isa = XCBuildConfiguration;
			buildSettings = {
				ASSETCATALOG_COMPILER_APPICON_NAME = AppIcon;
				ASSETCATALOG_COMPILER_GLOBAL_ACCENT_COLOR_NAME = AccentColor;
				CODE_SIGN_STYLE = Automatic;
				CURRENT_PROJECT_VERSION = 1;
				DEVELOPMENT_TEAM = "";
				GENERATE_INFOPLIST_FILE = NO;
				INFOPLIST_FILE = Info.plist;
				IPHONEOS_DEPLOYMENT_TARGET = 17.0;
				LD_RUNPATH_SEARCH_PATHS = (
					"$(inherited)",
					"@executable_path/Frameworks"
				);
				MARKETING_VERSION = 1.0;
				PRODUCT_BUNDLE_IDENTIFIER = com.leonard1220.FinFlow;
				PRODUCT_NAME = "$(TARGET_NAME)";
				SWIFT_EMIT_LOC_STRINGS = YES;
				SWIFT_VERSION = 5.0;
				TARGETED_DEVICE_FAMILY = "1,2";
			};
			name = Release;
		};

		0B37884C9B414769BB0ECCBD = {
			isa = XCConfigurationList;
			buildConfigurations = (
				03BF8C8DADE348C68021A057,
				8F0E6641682B4CA7B0797644
			);
			defaultConfigurationIsVisible = 0;
			defaultConfigurationName = Release;
		};

		F8790BC1D9854D78B9D30F8F = {
			isa = PBXNativeTarget;
			buildConfigurationList = 0B37884C9B414769BB0ECCBD;
			buildPhases = (
				A11C3CDF5EEE429FAA1DF41E,
				C650017465A34A33BBD8FBB8
			);
			buildRules = ();
			dependencies = ();
			name = FinFlow;
			productName = FinFlow;
			productReference = 82D89B798DE44788AF9EFBDB;
			productType = "com.apple.product-type.application";
		};

		F6002419F84F4507B4DBA069 = {
			isa = PBXProject;
			attributes = {
				BuildIndependentTargetsInParallel = 1;
				LastSwiftUpdateCheck = 1420;
				LastUpgradeCheck = 1420;
				TargetAttributes = {
					F8790BC1D9854D78B9D30F8F = {
						CreatedOnToolsVersion = 14.2;
					};
				};
			};
			buildConfigurationList = 624DA055D70641D1A30CF4FE;
			compatibilityVersion = "Xcode 14.0";
			developmentRegion = en;
			hasScannedForEncodings = 0;
			knownRegions = (
				en,
				Base
			);
			mainGroup = 0478F5A8888945CDA323E409;
			productRefGroup = 6195B4954E874CF99AD30BB1;
			projectDirPath = "";
			projectRoot = "";
			targets = (
				F8790BC1D9854D78B9D30F8F
			);
		};
	};
	rootObject = F6002419F84F4507B4DBA069;
}