// !$*UTF8*$!
{
	archiveVersion = 1;
	classes = {
	};
	objectVersion = 55;
	objects = {

		B9DB0CA685E54A5AAEA0A5C6 = {
			isa = PBXFileReference;
			path = "App/AppEnvironment.swift";
			sourceTree = "<group>";
			lastKnownFileType = "sourcecode.swift";
		};

		9210092B736244D79801D7E2 = {
			isa = PBXBuildFile;
			fileRef = B9DB0CA685E54A5AAEA0A5C6;
		};

		1F1760A197064D39AC2574B1 = {
			isa = PBXFileReference;
			path = "App/CommonVerifyView.swift";
			sourceTree = "<group>";
			lastKnownFileType = "sourcecode.swift";
		};

		1FFA667408024930A8D90F53 = {
			isa = PBXBuildFile;
			fileRef = 1F1760A197064D39AC2574B1;
		};

		8343E653755C4AD29CDDD8EB = {
			isa = PBXFileReference;
			path = "App/ContentView.swift";
			sourceTree = "<group>";
			lastKnownFileType = "sourcecode.swift";
		};

		E097BEF380CC4EFF9BD22828 = {
			isa = PBXBuildFile;
			fileRef = 8343E653755C4AD29CDDD8EB;
		};

		B28853843C7442508B9736A8 = {
			isa = PBXFileReference;
			path = "App/ModelTestView.swift";
			sourceTree = "<group>";
			lastKnownFileType = "sourcecode.swift";
		};

		993A7C7668E845B69B68D6DE = {
			isa = PBXBuildFile;
			fileRef = B28853843C7442508B9736A8;
		};

		D055A6D085BE45A4B9BE442D = {
			isa = PBXFileReference;
			path = "App/MoneyTrackerApp.swift";
			sourceTree = "<group>";
			lastKnownFileType = "sourcecode.swift";
		};

		BAA8F2EB25EF4484ACF72D72 = {
			isa = PBXBuildFile;
			fileRef = D055A6D085BE45A4B9BE442D;
		};

		9422A1E8F0994BCC9AC9D5E7 = {
			isa = PBXFileReference;
			path = "App/TabNavigationView.swift";
			sourceTree = "<group>";
			lastKnownFileType = "sourcecode.swift";
		};

		BD931B008DFA4D2A9EE367D8 = {
			isa = PBXBuildFile;
			fileRef = 9422A1E8F0994BCC9AC9D5E7;
		};

		9DB9A635AB1E450F9D8B6A19 = {
			isa = PBXFileReference;
			path = "Assets.xcassets";
			sourceTree = "<group>";
			lastKnownFileType = "folder.assetcatalog";
		};

		6A4D073F606E41EB84312799 = {
			isa = PBXBuildFile;
			fileRef = 9DB9A635AB1E450F9D8B6A19;
		};

		27995E162B4042DA8D2DDE8D = {
			isa = PBXFileReference;
			path = "Common/Components/ColorPickerView.swift";
			sourceTree = "<group>";
			lastKnownFileType = "sourcecode.swift";
		};

		3D9E9CE34E474E5FA21E5283 = {
			isa = PBXBuildFile;
			fileRef = 27995E162B4042DA8D2DDE8D;
		};

		57B0487EE0C74DD687861CF3 = {
			isa = PBXFileReference;
			path = "Common/Components/EmptyStateView.swift";
			sourceTree = "<group>";
			lastKnownFileType = "sourcecode.swift";
		};

		4D304BF7465142308962D76F = {
			isa = PBXBuildFile;
			fileRef = 57B0487EE0C74DD687861CF3;
		};

		E559E4EF5E654C228D8155B6 = {
			isa = PBXFileReference;
			path = "Common/Components/IconPickerView.swift";
			sourceTree = "<group>";
			lastKnownFileType = "sourcecode.swift";
		};

		FC3259597E204A8990ADED17 = {
			isa = PBXBuildFile;
			fileRef = E559E4EF5E654C228D8155B6;
		};

		ED96A619535C45AD86D14DCA = {
			isa = PBXFileReference;
			path = "Common/Components/LoadingView.swift";
			sourceTree = "<group>";
			lastKnownFileType = "sourcecode.swift";
		};

		98608A48EE5E42E5852B3501 = {
			isa = PBXBuildFile;
			fileRef = ED96A619535C45AD86D14DCA;
		};

		70E12A266F7248F0B38E1F6A = {
			isa = PBXFileReference;
			path = "Common/Components/NumberTicker.swift";
			sourceTree = "<group>";
			lastKnownFileType = "sourcecode.swift";
		};

		B2163CE6C74D46E184595284 = {
			isa = PBXBuildFile;
			fileRef = 70E12A266F7248F0B38E1F6A;
		};

		F88E3474C7DA4BD38CD6D348 = {
			isa = PBXFileReference;
			path = "Common/Components/ShareSheet.swift";
			sourceTree = "<group>";
			lastKnownFileType = "sourcecode.swift";
		};

		5027300884E449AF98D51C8A = {
			isa = PBXBuildFile;
			fileRef = F88E3474C7DA4BD38CD6D348;
		};

		1D15DF4B55824069BF01A402 = {
			isa = PBXFileReference;
			path = "Common/ExportService.swift";
			sourceTree = "<group>";
			lastKnownFileType = "sourcecode.swift";
		};

		8BA69CAC12D7482094276B9F = {
			isa = PBXBuildFile;
			fileRef = 1D15DF4B55824069BF01A402;
		};

		6831C2BAA2C04AD191D0A2CE = {
			isa = PBXFileReference;
			path = "Common/Extensions/Color+Extensions.swift";
			sourceTree = "<group>";
			lastKnownFileType = "sourcecode.swift";
		};

		D4DE19A3BCF7465CB8C13132 = {
			isa = PBXBuildFile;
			fileRef = 6831C2BAA2C04AD191D0A2CE;
		};

		14F0A7180D7C420481009563 = {
			isa = PBXFileReference;
			path = "Common/Extensions/Date+Extensions.swift";
			sourceTree = "<group>";
			lastKnownFileType = "sourcecode.swift";
		};

		35F68D7AF07B47E2BEABC8F5 = {
			isa = PBXBuildFile;
			fileRef = 14F0A7180D7C420481009563;
		};

		00C943A2B62E46A6B8DB5BBE = {
			isa = PBXFileReference;
			path = "Common/Extensions/Decimal+Extensions.swift";
			sourceTree = "<group>";
			lastKnownFileType = "sourcecode.swift";
		};

		CA36A498D3E74091AC6F94F2 = {
			isa = PBXBuildFile;
			fileRef = 00C943A2B62E46A6B8DB5BBE;
		};

		6DB570B05A2B4DCBA963A197 = {
			isa = PBXFileReference;
			path = "Common/Extensions/Double+Extensions.swift";
			sourceTree = "<group>";
			lastKnownFileType = "sourcecode.swift";
		};

		52164481F0BF44C0A1474F89 = {
			isa = PBXBuildFile;
			fileRef = 6DB570B05A2B4DCBA963A197;
		};

		1822E48055884954A219F040 = {
			isa = PBXFileReference;
			path = "Common/Extensions/String+Extensions.swift";
			sourceTree = "<group>";
			lastKnownFileType = "sourcecode.swift";
		};

		14EA9AF5F5954996A5BD991D = {
			isa = PBXBuildFile;
			fileRef = 1822E48055884954A219F040;
		};

		7D4BB88A74294B4EA1C0AA40 = {
			isa = PBXFileReference;
			path = "Common/Theme/AppTheme.swift";
			sourceTree = "<group>";
			lastKnownFileType = "sourcecode.swift";
		};

		AD76C05631934F2F99C3E5EC = {
			isa = PBXBuildFile;
			fileRef = 7D4BB88A74294B4EA1C0AA40;
		};

		6FB6506C20114B9E9FB233A2 = {
			isa = PBXFileReference;
			path = "Data/Persistence.swift";
			sourceTree = "<group>";
			lastKnownFileType = "sourcecode.swift";
		};

		632A445F4D274B1F914EA948 = {
			isa = PBXBuildFile;
			fileRef = 6FB6506C20114B9E9FB233A2;
		};

		F10663A630B942AE92D21432 = {
			isa = PBXFileReference;
			path = "Features/Accounts/AccountsView.swift";
			sourceTree = "<group>";
			lastKnownFileType = "sourcecode.swift";
		};

		275638C01F3B4F4C8CB75589 = {
			isa = PBXBuildFile;
			fileRef = F10663A630B942AE92D21432;
		};

		EE9BCD86A29A4A7CB5758B5B = {
			isa = PBXFileReference;
			path = "Features/Accounts/AccountsViewModel.swift";
			sourceTree = "<group>";
			lastKnownFileType = "sourcecode.swift";
		};

		FA761684C9C24EAAB71F8887 = {
			isa = PBXBuildFile;
			fileRef = EE9BCD86A29A4A7CB5758B5B;
		};

		358538CB01F441DABABB0741 = {
			isa = PBXFileReference;
			path = "Features/Accounts/AddEditAccountView.swift";
			sourceTree = "<group>";
			lastKnownFileType = "sourcecode.swift";
		};

		5B42158BE1F042AFAF934242 = {
			isa = PBXBuildFile;
			fileRef = 358538CB01F441DABABB0741;
		};

		3B74FB36C3A2479B98B96A5B = {
			isa = PBXFileReference;
			path = "Features/BudgetGoals/AddEditBudgetView.swift";
			sourceTree = "<group>";
			lastKnownFileType = "sourcecode.swift";
		};

		365699A854E546FDBF5CABA8 = {
			isa = PBXBuildFile;
			fileRef = 3B74FB36C3A2479B98B96A5B;
		};

		695D101552D44960AFEE1BAD = {
			isa = PBXFileReference;
			path = "Features/BudgetGoals/AddEditGoalView.swift";
			sourceTree = "<group>";
			lastKnownFileType = "sourcecode.swift";
		};

		E7DA78C299EE43EA80432078 = {
			isa = PBXBuildFile;
			fileRef = 695D101552D44960AFEE1BAD;
		};

		17EF54F0C3E6433E9600EBAF = {
			isa = PBXFileReference;
			path = "Features/BudgetGoals/BudgetGoalsView.swift";
			sourceTree = "<group>";
			lastKnownFileType = "sourcecode.swift";
		};

		9F009330B9E34BEAAD41F376 = {
			isa = PBXBuildFile;
			fileRef = 17EF54F0C3E6433E9600EBAF;
		};

		9264666A81EA4EA3BF3B6B75 = {
			isa = PBXFileReference;
			path = "Features/BudgetGoals/BudgetGoalsViewModel.swift";
			sourceTree = "<group>";
			lastKnownFileType = "sourcecode.swift";
		};

		B45C79EDAD994BACB204DC70 = {
			isa = PBXBuildFile;
			fileRef = 9264666A81EA4EA3BF3B6B75;
		};

		9E0C2E84C7474CB2BD6F7004 = {
			isa = PBXFileReference;
			path = "Features/BudgetGoals/BudgetService.swift";
			sourceTree = "<group>";
			lastKnownFileType = "sourcecode.swift";
		};

		E21E5981C24C4B839676A911 = {
			isa = PBXBuildFile;
			fileRef = 9E0C2E84C7474CB2BD6F7004;
		};

		9478C134EBF94DE4AF472B7A = {
			isa = PBXFileReference;
			path = "Features/BudgetGoals/GoalDetailView.swift";
			sourceTree = "<group>";
			lastKnownFileType = "sourcecode.swift";
		};

		535D1452C72C41B1AB0B36FA = {
			isa = PBXBuildFile;
			fileRef = 9478C134EBF94DE4AF472B7A;
		};

		1CA8F440C10D4BDB81B8B2E0 = {
			isa = PBXFileReference;
			path = "Features/BudgetGoals/PlanningView.swift";
			sourceTree = "<group>";
			lastKnownFileType = "sourcecode.swift";
		};

		C92A1B46F05245CF8D55E383 = {
			isa = PBXBuildFile;
			fileRef = 1CA8F440C10D4BDB81B8B2E0;
		};

		838F3D3A76D94A828F1E01C3 = {
			isa = PBXFileReference;
			path = "Features/BudgetGoals/SavingsGoalsListView.swift";
			sourceTree = "<group>";
			lastKnownFileType = "sourcecode.swift";
		};

		A03937431FD740E2A8B5E0BE = {
			isa = PBXBuildFile;
			fileRef = 838F3D3A76D94A828F1E01C3;
		};

		705CDF0297734156AB4A98E8 = {
			isa = PBXFileReference;
			path = "Features/Categories/CategoriesView.swift";
			sourceTree = "<group>";
			lastKnownFileType = "sourcecode.swift";
		};

		4A32C572785645099D7AAE90 = {
			isa = PBXBuildFile;
			fileRef = 705CDF0297734156AB4A98E8;
		};

		43BF1152CDC64A238117D481 = {
			isa = PBXFileReference;
			path = "Features/Categories/CategoriesViewModel.swift";
			sourceTree = "<group>";
			lastKnownFileType = "sourcecode.swift";
		};

		9A9FE062FAEF48FF9BDF2425 = {
			isa = PBXBuildFile;
			fileRef = 43BF1152CDC64A238117D481;
		};

		11ECE20992CC456BB4E36DF5 = {
			isa = PBXFileReference;
			path = "Features/Dashboard/DashboardView.swift";
			sourceTree = "<group>";
			lastKnownFileType = "sourcecode.swift";
		};

		7AA3E19CE13F4FD4993CD94A = {
			isa = PBXBuildFile;
			fileRef = 11ECE20992CC456BB4E36DF5;
		};

		1216CDF4BD274A6F9F8D9BC6 = {
			isa = PBXFileReference;
			path = "Features/Dashboard/DashboardViewModel.swift";
			sourceTree = "<group>";
			lastKnownFileType = "sourcecode.swift";
		};

		E7D37BDD4926475DBD7EAB05 = {
			isa = PBXBuildFile;
			fileRef = 1216CDF4BD274A6F9F8D9BC6;
		};

		B8636F9B4C444C6C9D2BD149 = {
			isa = PBXFileReference;
			path = "Features/Reports/Components/PieChartView.swift";
			sourceTree = "<group>";
			lastKnownFileType = "sourcecode.swift";
		};

		E61D0A2A5DDA4E4EAB4FD713 = {
			isa = PBXBuildFile;
			fileRef = B8636F9B4C444C6C9D2BD149;
		};

		F2E999AEF65242C1A687B26F = {
			isa = PBXFileReference;
			path = "Features/Reports/MonthlyReportService.swift";
			sourceTree = "<group>";
			lastKnownFileType = "sourcecode.swift";
		};

		ED1D725AEBB54FC3A9D7AC31 = {
			isa = PBXBuildFile;
			fileRef = F2E999AEF65242C1A687B26F;
		};

		BCBA17BF07A54A73BFC04A52 = {
			isa = PBXFileReference;
			path = "Features/Reports/ReportsView.swift";
			sourceTree = "<group>";
			lastKnownFileType = "sourcecode.swift";
		};

		4051BE7A90B245548DABE9E3 = {
			isa = PBXBuildFile;
			fileRef = BCBA17BF07A54A73BFC04A52;
		};

		5491E2CFAC0A4436A4B54A10 = {
			isa = PBXFileReference;
			path = "Features/Settings/AddEditCategoryView.swift";
			sourceTree = "<group>";
			lastKnownFileType = "sourcecode.swift";
		};

		572218B227E94732A0638B37 = {
			isa = PBXBuildFile;
			fileRef = 5491E2CFAC0A4436A4B54A10;
		};

		21B963C3B2CF4C1DA8916348 = {
			isa = PBXFileReference;
			path = "Features/Settings/CategorySettingsView.swift";
			sourceTree = "<group>";
			lastKnownFileType = "sourcecode.swift";
		};

		658EAB5A2B7040D6AC6E3A74 = {
			isa = PBXBuildFile;
			fileRef = 21B963C3B2CF4C1DA8916348;
		};

		38DB5BEE62174ADE9B970352 = {
			isa = PBXFileReference;
			path = "Features/Settings/SettingsView.swift";
			sourceTree = "<group>";
			lastKnownFileType = "sourcecode.swift";
		};

		CAE7E16597C54267B4CE7276 = {
			isa = PBXBuildFile;
			fileRef = 38DB5BEE62174ADE9B970352;
		};

		02B7D08AA73E4A36A2EA5FDD = {
			isa = PBXFileReference;
			path = "Features/Settings/SettingsViewModel.swift";
			sourceTree = "<group>";
			lastKnownFileType = "sourcecode.swift";
		};

		8C1369B84E784A5FA5E129B0 = {
			isa = PBXBuildFile;
			fileRef = 02B7D08AA73E4A36A2EA5FDD;
		};

		CE279DECB7AA4C58A0F6014A = {
			isa = PBXFileReference;
			path = "Features/Transactions/AddEditTransactionView.swift";
			sourceTree = "<group>";
			lastKnownFileType = "sourcecode.swift";
		};

		F04A22F229B24B2C8EBD7440 = {
			isa = PBXBuildFile;
			fileRef = CE279DECB7AA4C58A0F6014A;
		};

		6AC10F64A9CE48608C6BD7D4 = {
			isa = PBXFileReference;
			path = "Features/Transactions/AddTransactionView.swift";
			sourceTree = "<group>";
			lastKnownFileType = "sourcecode.swift";
		};

		5F29421B95344D14AB512CCC = {
			isa = PBXBuildFile;
			fileRef = 6AC10F64A9CE48608C6BD7D4;
		};

		FF4CDA0966CB4215AB92CAFC = {
			isa = PBXFileReference;
			path = "Features/Transactions/TransactionListView.swift";
			sourceTree = "<group>";
			lastKnownFileType = "sourcecode.swift";
		};

		AACA92696F0D4BB488542C5E = {
			isa = PBXBuildFile;
			fileRef = FF4CDA0966CB4215AB92CAFC;
		};

		4EF09DEF92314837A6166A0B = {
			isa = PBXFileReference;
			path = "Features/Transactions/TransactionService.swift";
			sourceTree = "<group>";
			lastKnownFileType = "sourcecode.swift";
		};

		EECD8A309E1D43E3807054B3 = {
			isa = PBXBuildFile;
			fileRef = 4EF09DEF92314837A6166A0B;
		};

		D2C11195443F444692BFE97E = {
			isa = PBXFileReference;
			path = "Features/Transactions/TransactionsViewModel.swift";
			sourceTree = "<group>";
			lastKnownFileType = "sourcecode.swift";
		};

		053B78A5EC604AF4AB425AD1 = {
			isa = PBXBuildFile;
			fileRef = D2C11195443F444692BFE97E;
		};

		747DC40D55E74390BE04D082 = {
			isa = PBXFileReference;
			path = "FinFlowApp.swift";
			sourceTree = "<group>";
			lastKnownFileType = "sourcecode.swift";
		};

		6D318D1E14544CC9ABC98113 = {
			isa = PBXBuildFile;
			fileRef = 747DC40D55E74390BE04D082;
		};

		CA28A20452F54605AF441D53 = {
			isa = PBXFileReference;
			path = "Info.plist";
			sourceTree = "<group>";
			lastKnownFileType = "text.plist.xml";
		};

		D59C4D4FA767447BB0A7243B = {
			isa = PBXFileReference;
			path = "Models/Account.swift";
			sourceTree = "<group>";
			lastKnownFileType = "sourcecode.swift";
		};

		42F0DD214A604E39818B8DD9 = {
			isa = PBXBuildFile;
			fileRef = D59C4D4FA767447BB0A7243B;
		};

		63006C696006443A93072C45 = {
			isa = PBXFileReference;
			path = "Models/AccountType.swift";
			sourceTree = "<group>";
			lastKnownFileType = "sourcecode.swift";
		};

		00A0E5089CEC4A35A6160D23 = {
			isa = PBXBuildFile;
			fileRef = 63006C696006443A93072C45;
		};

		D95CB18EE70F4F038C6E4530 = {
			isa = PBXFileReference;
			path = "Models/Budget.swift";
			sourceTree = "<group>";
			lastKnownFileType = "sourcecode.swift";
		};

		FE160949C0EB4F23B4C53D89 = {
			isa = PBXBuildFile;
			fileRef = D95CB18EE70F4F038C6E4530;
		};

		59C5EA8EE20F4CFE86813905 = {
			isa = PBXFileReference;
			path = "Models/Category.swift";
			sourceTree = "<group>";
			lastKnownFileType = "sourcecode.swift";
		};

		8929A153A580480A8B0262FE = {
			isa = PBXBuildFile;
			fileRef = 59C5EA8EE20F4CFE86813905;
		};

		8CE564CDF7B04FD691272C9C = {
			isa = PBXFileReference;
			path = "Models/CategoryType.swift";
			sourceTree = "<group>";
			lastKnownFileType = "sourcecode.swift";
		};

		F851537A35494C02B49E18DA = {
			isa = PBXBuildFile;
			fileRef = 8CE564CDF7B04FD691272C9C;
		};

		9C6DAF3A60B543068EA57018 = {
			isa = PBXFileReference;
			path = "Models/ModelPreviewData.swift";
			sourceTree = "<group>";
			lastKnownFileType = "sourcecode.swift";
		};

		6AE361D685D047B196718162 = {
			isa = PBXBuildFile;
			fileRef = 9C6DAF3A60B543068EA57018;
		};

		054292F604B94EAB875BAEF6 = {
			isa = PBXFileReference;
			path = "Models/README.md";
			sourceTree = "<group>";
			lastKnownFileType = text;
		};

		6137513AAE024A5B811821C7 = {
			isa = PBXFileReference;
			path = "Models/SavingsGoal.swift";
			sourceTree = "<group>";
			lastKnownFileType = "sourcecode.swift";
		};

		6721105480D54438AF4F0C74 = {
			isa = PBXBuildFile;
			fileRef = 6137513AAE024A5B811821C7;
		};

		ADCD46180E53459082A9F339 = {
			isa = PBXFileReference;
			path = "Models/Transaction.swift";
			sourceTree = "<group>";
			lastKnownFileType = "sourcecode.swift";
		};

		5852BE3C07F24A2EA7017B74 = {
			isa = PBXBuildFile;
			fileRef = ADCD46180E53459082A9F339;
		};

		7A2A861CADF944349AD70FB6 = {
			isa = PBXFileReference;
			path = "Models/TransactionType.swift";
			sourceTree = "<group>";
			lastKnownFileType = "sourcecode.swift";
		};

		330F4FE38FF144FC84D6BE23 = {
			isa = PBXBuildFile;
			fileRef = 7A2A861CADF944349AD70FB6;
		};

		0963B3F610C740B48F49B7CA = {
			isa = PBXFileReference;
			path = "Models/UserSettings.swift";
			sourceTree = "<group>";
			lastKnownFileType = "sourcecode.swift";
		};

		473EDD67D9CB4AE6B5F106C3 = {
			isa = PBXBuildFile;
			fileRef = 0963B3F610C740B48F49B7CA;
		};

		88DAEF9947634BB48C02DF5C = {
			isa = PBXSourcesBuildPhase;
			buildActionMask = 2147483647;
			files = (
				9210092B736244D79801D7E2,
				1FFA667408024930A8D90F53,
				E097BEF380CC4EFF9BD22828,
				993A7C7668E845B69B68D6DE,
				BAA8F2EB25EF4484ACF72D72,
				BD931B008DFA4D2A9EE367D8,
				3D9E9CE34E474E5FA21E5283,
				4D304BF7465142308962D76F,
				FC3259597E204A8990ADED17,
				98608A48EE5E42E5852B3501,
				B2163CE6C74D46E184595284,
				5027300884E449AF98D51C8A,
				8BA69CAC12D7482094276B9F,
				D4DE19A3BCF7465CB8C13132,
				35F68D7AF07B47E2BEABC8F5,
				CA36A498D3E74091AC6F94F2,
				52164481F0BF44C0A1474F89,
				14EA9AF5F5954996A5BD991D,
				AD76C05631934F2F99C3E5EC,
				632A445F4D274B1F914EA948,
				275638C01F3B4F4C8CB75589,
				FA761684C9C24EAAB71F8887,
				5B42158BE1F042AFAF934242,
				365699A854E546FDBF5CABA8,
				E7DA78C299EE43EA80432078,
				9F009330B9E34BEAAD41F376,
				B45C79EDAD994BACB204DC70,
				E21E5981C24C4B839676A911,
				535D1452C72C41B1AB0B36FA,
				C92A1B46F05245CF8D55E383,
				A03937431FD740E2A8B5E0BE,
				4A32C572785645099D7AAE90,
				9A9FE062FAEF48FF9BDF2425,
				7AA3E19CE13F4FD4993CD94A,
				E7D37BDD4926475DBD7EAB05,
				E61D0A2A5DDA4E4EAB4FD713,
				ED1D725AEBB54FC3A9D7AC31,
				4051BE7A90B245548DABE9E3,
				572218B227E94732A0638B37,
				658EAB5A2B7040D6AC6E3A74,
				CAE7E16597C54267B4CE7276,
				8C1369B84E784A5FA5E129B0,
				F04A22F229B24B2C8EBD7440,
				5F29421B95344D14AB512CCC,
				AACA92696F0D4BB488542C5E,
				EECD8A309E1D43E3807054B3,
				053B78A5EC604AF4AB425AD1,
				6D318D1E14544CC9ABC98113,
				42F0DD214A604E39818B8DD9,
				00A0E5089CEC4A35A6160D23,
				FE160949C0EB4F23B4C53D89,
				8929A153A580480A8B0262FE,
				F851537A35494C02B49E18DA,
				6AE361D685D047B196718162,
				6721105480D54438AF4F0C74,
				5852BE3C07F24A2EA7017B74,
				330F4FE38FF144FC84D6BE23,
				473EDD67D9CB4AE6B5F106C3,
			);
			runOnlyForDeploymentPostprocessing = 0;
		};

		BFC7640552DC4623A64F577C = {
			isa = PBXResourcesBuildPhase;
			buildActionMask = 2147483647;
			files = (
				6A4D073F606E41EB84312799,
			);
			runOnlyForDeploymentPostprocessing = 0;
		};

		60709CEF8F064CEB9243FD97 = {
			isa = PBXGroup;
			children = (
				B9DB0CA685E54A5AAEA0A5C6,
				1F1760A197064D39AC2574B1,
				8343E653755C4AD29CDDD8EB,
				B28853843C7442508B9736A8,
				D055A6D085BE45A4B9BE442D,
				9422A1E8F0994BCC9AC9D5E7,
				9DB9A635AB1E450F9D8B6A19,
				27995E162B4042DA8D2DDE8D,
				57B0487EE0C74DD687861CF3,
				E559E4EF5E654C228D8155B6,
				ED96A619535C45AD86D14DCA,
				70E12A266F7248F0B38E1F6A,
				F88E3474C7DA4BD38CD6D348,
				1D15DF4B55824069BF01A402,
				6831C2BAA2C04AD191D0A2CE,
				14F0A7180D7C420481009563,
				00C943A2B62E46A6B8DB5BBE,
				6DB570B05A2B4DCBA963A197,
				1822E48055884954A219F040,
				7D4BB88A74294B4EA1C0AA40,
				6FB6506C20114B9E9FB233A2,
				F10663A630B942AE92D21432,
				EE9BCD86A29A4A7CB5758B5B,
				358538CB01F441DABABB0741,
				3B74FB36C3A2479B98B96A5B,
				695D101552D44960AFEE1BAD,
				17EF54F0C3E6433E9600EBAF,
				9264666A81EA4EA3BF3B6B75,
				9E0C2E84C7474CB2BD6F7004,
				9478C134EBF94DE4AF472B7A,
				1CA8F440C10D4BDB81B8B2E0,
				838F3D3A76D94A828F1E01C3,
				705CDF0297734156AB4A98E8,
				43BF1152CDC64A238117D481,
				11ECE20992CC456BB4E36DF5,
				1216CDF4BD274A6F9F8D9BC6,
				B8636F9B4C444C6C9D2BD149,
				F2E999AEF65242C1A687B26F,
				BCBA17BF07A54A73BFC04A52,
				5491E2CFAC0A4436A4B54A10,
				21B963C3B2CF4C1DA8916348,
				38DB5BEE62174ADE9B970352,
				02B7D08AA73E4A36A2EA5FDD,
				CE279DECB7AA4C58A0F6014A,
				6AC10F64A9CE48608C6BD7D4,
				FF4CDA0966CB4215AB92CAFC,
				4EF09DEF92314837A6166A0B,
				D2C11195443F444692BFE97E,
				747DC40D55E74390BE04D082,
				CA28A20452F54605AF441D53,
				D59C4D4FA767447BB0A7243B,
				63006C696006443A93072C45,
				D95CB18EE70F4F038C6E4530,
				59C5EA8EE20F4CFE86813905,
				8CE564CDF7B04FD691272C9C,
				9C6DAF3A60B543068EA57018,
				054292F604B94EAB875BAEF6,
				6137513AAE024A5B811821C7,
				ADCD46180E53459082A9F339,
				7A2A861CADF944349AD70FB6,
				0963B3F610C740B48F49B7CA,
				4D88281142614FE28DD52540,
			);
			sourceTree = "<group>";
		};

		4D88281142614FE28DD52540 = {
			isa = PBXGroup;
			children = (
				E69F4D97E6B44037B9846914,
			);
			name = Products;
			sourceTree = "<group>";
		};

		E69F4D97E6B44037B9846914 = {
			isa = PBXFileReference;
			explicitFileType = "wrapper.application";
			includeInIndex = 0;
			path = "FinFlow.app";
			sourceTree = "BUILT_PRODUCTS_DIR";
		};

		7C8F74A4BD8D4411A6A39082 = {
			isa = XCBuildConfiguration;
			buildSettings = {
				ALWAYS_SEARCH_USER_PATHS = NO;
				CLANG_ENABLE_MODULES = YES;
				CLANG_ENABLE_OBJC_ARC = YES;
				CODE_SIGN_STYLE = Automatic;
				COPY_PHASE_STRIP = NO;
				DEBUG_INFORMATION_FORMAT = dwarf;
				ENABLE_STRICT_OBJC_MSGSEND = YES;
				GCC_DYNAMIC_NO_PIC = NO;
				GCC_OPTIMIZATION_LEVEL = 0;
				GCC_PREPROCESSOR_DEFINITIONS = ['DEBUG=1', '$(inherited)'];
				GCC_SYMBOLS_PRIVATE_EXTERN = NO;
				IPHONEOS_DEPLOYMENT_TARGET = 16.0;
				MTL_ENABLE_DEBUG_INFO = INCLUDE_SOURCE;
				MTL_FAST_MATH = YES;
				ONLY_ACTIVE_ARCH = YES;
				SDKROOT = iphoneos;
				SWIFT_OPTIMIZATION_LEVEL = -Onone;
				SWIFT_VERSION = 5.0;
			};
			name = Debug;
		};

		023C53CC0A454EB8B0D9ADA0 = {
			isa = XCBuildConfiguration;
			buildSettings = {
				ALWAYS_SEARCH_USER_PATHS = NO;
				CLANG_ENABLE_MODULES = YES;
				CLANG_ENABLE_OBJC_ARC = YES;
				CODE_SIGN_STYLE = Automatic;
				COPY_PHASE_STRIP = NO;
				DEBUG_INFORMATION_FORMAT = dwarf-with-dsym;
				ENABLE_NS_ASSERTIONS = NO;
				ENABLE_STRICT_OBJC_MSGSEND = YES;
				IPHONEOS_DEPLOYMENT_TARGET = 16.0;
				MTL_ENABLE_DEBUG_INFO = NO;
				MTL_FAST_MATH = YES;
				SDKROOT = iphoneos;
				SWIFT_COMPILATION_MODE = wholemodule;
				SWIFT_OPTIMIZATION_LEVEL = -O;
				SWIFT_VERSION = 5.0;
				VALIDATE_PRODUCT = YES;
			};
			name = Release;
		};

		66D4F4F49A0B411D94CDCB00 = {
			isa = XCConfigurationList;
			buildConfigurations = (
				7C8F74A4BD8D4411A6A39082,
				023C53CC0A454EB8B0D9ADA0,
			);
			defaultConfigurationIsVisible = 0;
			defaultConfigurationName = Release;
		};

		794B891B4AA34FCCBACBB651 = {
			isa = XCBuildConfiguration;
			buildSettings = {
				ASSETCATALOG_COMPILER_APPICON_NAME = AppIcon;
				ASSETCATALOG_COMPILER_GLOBAL_ACCENT_COLOR_NAME = AccentColor;
				CODE_SIGN_STYLE = Automatic;
				CURRENT_PROJECT_VERSION = 1;
				DEVELOPMENT_TEAM = ;
				GENERATE_INFOPLIST_FILE = NO;
				INFOPLIST_FILE = Info.plist;
				IPHONEOS_DEPLOYMENT_TARGET = 16.0;
				LD_RUNPATH_SEARCH_PATHS = ['$(inherited)', '@executable_path/Frameworks'];
				MARKETING_VERSION = 1.0;
				PRODUCT_BUNDLE_IDENTIFIER = com.leonard1220.FinFlow;
				PRODUCT_NAME = $(TARGET_NAME);
				SWIFT_EMIT_LOC_STRINGS = YES;
				SWIFT_VERSION = 5.0;
				TARGETED_DEVICE_FAMILY = 1,2;
			};
			name = Debug;
		};

		B712902ED90D4E38B3C28A97 = {
			isa = XCBuildConfiguration;
			buildSettings = {
				ASSETCATALOG_COMPILER_APPICON_NAME = AppIcon;
				ASSETCATALOG_COMPILER_GLOBAL_ACCENT_COLOR_NAME = AccentColor;
				CODE_SIGN_STYLE = Automatic;
				CURRENT_PROJECT_VERSION = 1;
				DEVELOPMENT_TEAM = ;
				GENERATE_INFOPLIST_FILE = NO;
				INFOPLIST_FILE = Info.plist;
				IPHONEOS_DEPLOYMENT_TARGET = 16.0;
				LD_RUNPATH_SEARCH_PATHS = ['$(inherited)', '@executable_path/Frameworks'];
				MARKETING_VERSION = 1.0;
				PRODUCT_BUNDLE_IDENTIFIER = com.leonard1220.FinFlow;
				PRODUCT_NAME = $(TARGET_NAME);
				SWIFT_EMIT_LOC_STRINGS = YES;
				SWIFT_VERSION = 5.0;
				TARGETED_DEVICE_FAMILY = 1,2;
			};
			name = Release;
		};

		33DAE2CAE7554BADAA89488C = {
			isa = XCConfigurationList;
			buildConfigurations = (
				794B891B4AA34FCCBACBB651,
				B712902ED90D4E38B3C28A97,
			);
			defaultConfigurationIsVisible = 0;
			defaultConfigurationName = Release;
		};

		10EE6FCAE8BD4B48AF4EA722 = {
			isa = PBXNativeTarget;
			buildConfigurationList = 33DAE2CAE7554BADAA89488C;
			buildPhases = (
				88DAEF9947634BB48C02DF5C,
				BFC7640552DC4623A64F577C,
			);
			buildRules = (
			);
			dependencies = (
			);
			name = FinFlow;
			productName = FinFlow;
			productReference = E69F4D97E6B44037B9846914;
			productType = "com.apple.product-type.application";
		};

		DBCF6B92B7614703A21AD214 = {
			isa = PBXProject;
			attributes = {
				BuildIndependentTargetsInParallel = 1;
				LastSwiftUpdateCheck = 1420;
				LastUpgradeCheck = 1420;
				TargetAttributes = {'10EE6FCAE8BD4B48AF4EA722': {'CreatedOnToolsVersion': '14.2'}};
			};
			buildConfigurationList = 66D4F4F49A0B411D94CDCB00;
			compatibilityVersion = "Xcode 14.0";
			developmentRegion = en;
			hasScannedForEncodings = 0;
			knownRegions = (
				en,
				Base,
			);
			mainGroup = 60709CEF8F064CEB9243FD97;
			productRefGroup = 4D88281142614FE28DD52540;
			projectDirPath = "";
			projectRoot = "";
			targets = (
				10EE6FCAE8BD4B48AF4EA722,
			);
		};
	};
	rootObject = DBCF6B92B7614703A21AD214;
}