// !$*UTF8*$!
{
	archiveVersion = 1;
	classes = {
	};
	objectVersion = 55;
	objects = {

		6FF7CB62FDF9467FA5E57F44 = {
			isa = PBXFileReference;
			path = "App/AppEnvironment.swift";
			sourceTree = "<group>";
			lastKnownFileType = sourcecode.swift;
		};

		02577ACF20A243049885D8AF = {
			isa = PBXBuildFile;
			fileRef = 6FF7CB62FDF9467FA5E57F44;
		};

		9536DDC04DDF48BDAC6C36BB = {
			isa = PBXFileReference;
			path = "App/CommonVerifyView.swift";
			sourceTree = "<group>";
			lastKnownFileType = sourcecode.swift;
		};

		304FE50046B74529A1C4219E = {
			isa = PBXBuildFile;
			fileRef = 9536DDC04DDF48BDAC6C36BB;
		};

		C658A414B5834348A3610BC6 = {
			isa = PBXFileReference;
			path = "App/ContentView.swift";
			sourceTree = "<group>";
			lastKnownFileType = sourcecode.swift;
		};

		A349B25E3D1242E087891AA7 = {
			isa = PBXBuildFile;
			fileRef = C658A414B5834348A3610BC6;
		};

		C881CBAE9D78479FA07C4753 = {
			isa = PBXFileReference;
			path = "App/ModelTestView.swift";
			sourceTree = "<group>";
			lastKnownFileType = sourcecode.swift;
		};

		1FC0275B99CB4F61B92C6570 = {
			isa = PBXBuildFile;
			fileRef = C881CBAE9D78479FA07C4753;
		};

		6ED2F66ADE0D464BA73FF1ED = {
			isa = PBXFileReference;
			path = "App/TabNavigationView.swift";
			sourceTree = "<group>";
			lastKnownFileType = sourcecode.swift;
		};

		42979F9E95A946A09746D386 = {
			isa = PBXBuildFile;
			fileRef = 6ED2F66ADE0D464BA73FF1ED;
		};

		6FBCB67847D74533B4B320B9 = {
			isa = PBXFileReference;
			path = Assets.xcassets;
			sourceTree = "<group>";
			lastKnownFileType = folder.assetcatalog;
		};

		40249DFF2F984B5185720CD1 = {
			isa = PBXBuildFile;
			fileRef = 6FBCB67847D74533B4B320B9;
		};

		16ED83F8BDDC49E9A12AA0C0 = {
			isa = PBXFileReference;
			path = "Common/BalanceSnapshotService.swift";
			sourceTree = "<group>";
			lastKnownFileType = sourcecode.swift;
		};

		D4E46C8177234B94B7C970B9 = {
			isa = PBXBuildFile;
			fileRef = 16ED83F8BDDC49E9A12AA0C0;
		};

		144C95574DF5424F87D6C442 = {
			isa = PBXFileReference;
			path = "Common/CategorySeeder.swift";
			sourceTree = "<group>";
			lastKnownFileType = sourcecode.swift;
		};

		95AD557FA4694869A9EE3473 = {
			isa = PBXBuildFile;
			fileRef = 144C95574DF5424F87D6C442;
		};

		B3DB20290D3D4D04881AE592 = {
			isa = PBXFileReference;
			path = "Common/Components/ColorPickerView.swift";
			sourceTree = "<group>";
			lastKnownFileType = sourcecode.swift;
		};

		4828D729B9194BA691212037 = {
			isa = PBXBuildFile;
			fileRef = B3DB20290D3D4D04881AE592;
		};

		82872E101EF84859B2D354B8 = {
			isa = PBXFileReference;
			path = "Common/Components/EmptyStateView.swift";
			sourceTree = "<group>";
			lastKnownFileType = sourcecode.swift;
		};

		0C66635D37FC4F63BC5FC2FE = {
			isa = PBXBuildFile;
			fileRef = 82872E101EF84859B2D354B8;
		};

		E06B02BA0AA44896BCF9A21B = {
			isa = PBXFileReference;
			path = "Common/Components/IconPickerView.swift";
			sourceTree = "<group>";
			lastKnownFileType = sourcecode.swift;
		};

		C289F3AB42B94C56AF6909A1 = {
			isa = PBXBuildFile;
			fileRef = E06B02BA0AA44896BCF9A21B;
		};

		1069D3278CD041A98D6D90E9 = {
			isa = PBXFileReference;
			path = "Common/Components/LoadingView.swift";
			sourceTree = "<group>";
			lastKnownFileType = sourcecode.swift;
		};

		4D70BE3280B84610BCB06AF6 = {
			isa = PBXBuildFile;
			fileRef = 1069D3278CD041A98D6D90E9;
		};

		67F9A396811243D098C1FAC7 = {
			isa = PBXFileReference;
			path = "Common/Components/NumberTicker.swift";
			sourceTree = "<group>";
			lastKnownFileType = sourcecode.swift;
		};

		1C7329F0EDC449CDABFF2C12 = {
			isa = PBXBuildFile;
			fileRef = 67F9A396811243D098C1FAC7;
		};

		CA0940560B0F49D0AC468345 = {
			isa = PBXFileReference;
			path = "Common/Components/ShareSheet.swift";
			sourceTree = "<group>";
			lastKnownFileType = sourcecode.swift;
		};

		0B3F6DB801F5400F96B091D6 = {
			isa = PBXBuildFile;
			fileRef = CA0940560B0F49D0AC468345;
		};

		E66BA3765C7B4877865CB481 = {
			isa = PBXFileReference;
			path = "Common/ExportService.swift";
			sourceTree = "<group>";
			lastKnownFileType = sourcecode.swift;
		};

		228021DDF7AB46428A59850F = {
			isa = PBXBuildFile;
			fileRef = E66BA3765C7B4877865CB481;
		};

		0330DD815CEC49AC91A40F8A = {
			isa = PBXFileReference;
			path = "Common/Extensions/Color+Extensions.swift";
			sourceTree = "<group>";
			lastKnownFileType = sourcecode.swift;
		};

		DBC60145307F477D9B36C29E = {
			isa = PBXBuildFile;
			fileRef = 0330DD815CEC49AC91A40F8A;
		};

		F16FE4E560E04083AD1DCD60 = {
			isa = PBXFileReference;
			path = "Common/Extensions/Date+Extensions.swift";
			sourceTree = "<group>";
			lastKnownFileType = sourcecode.swift;
		};

		2D1495CAABC9460BBB957490 = {
			isa = PBXBuildFile;
			fileRef = F16FE4E560E04083AD1DCD60;
		};

		DB0BADCAB1F3421B8C75AC82 = {
			isa = PBXFileReference;
			path = "Common/Extensions/Decimal+Extensions.swift";
			sourceTree = "<group>";
			lastKnownFileType = sourcecode.swift;
		};

		23A79C96E7614461B104CC2C = {
			isa = PBXBuildFile;
			fileRef = DB0BADCAB1F3421B8C75AC82;
		};

		77305D536FAC4273BBB18ABE = {
			isa = PBXFileReference;
			path = "Common/Extensions/Double+Extensions.swift";
			sourceTree = "<group>";
			lastKnownFileType = sourcecode.swift;
		};

		AB6AAD1E1244495B8500CEF9 = {
			isa = PBXBuildFile;
			fileRef = 77305D536FAC4273BBB18ABE;
		};

		8A2D6B908A514187A1619ED0 = {
			isa = PBXFileReference;
			path = "Common/Extensions/String+Extensions.swift";
			sourceTree = "<group>";
			lastKnownFileType = sourcecode.swift;
		};

		65F4A86B81044684A3EEB587 = {
			isa = PBXBuildFile;
			fileRef = 8A2D6B908A514187A1619ED0;
		};

		AACAE586CEE94F6DA215D50E = {
			isa = PBXFileReference;
			path = "Common/Theme/AppTheme.swift";
			sourceTree = "<group>";
			lastKnownFileType = sourcecode.swift;
		};

		6CFD328862894862B26E8D93 = {
			isa = PBXBuildFile;
			fileRef = AACAE586CEE94F6DA215D50E;
		};

		F06D34886ACD444783FEB262 = {
			isa = PBXFileReference;
			path = "Data/Persistence.swift";
			sourceTree = "<group>";
			lastKnownFileType = sourcecode.swift;
		};

		83A1F80F787F47C487797970 = {
			isa = PBXBuildFile;
			fileRef = F06D34886ACD444783FEB262;
		};

		70CAECB64EA5452FB6E9D175 = {
			isa = PBXFileReference;
			path = "Features/Accounts/AccountsView.swift";
			sourceTree = "<group>";
			lastKnownFileType = sourcecode.swift;
		};

		997A0B6CB118405D9B5195CC = {
			isa = PBXBuildFile;
			fileRef = 70CAECB64EA5452FB6E9D175;
		};

		E45E215F5A3F47BC98C9BAE3 = {
			isa = PBXFileReference;
			path = "Features/Accounts/AccountsViewModel.swift";
			sourceTree = "<group>";
			lastKnownFileType = sourcecode.swift;
		};

		272509EC4E15465D93966A64 = {
			isa = PBXBuildFile;
			fileRef = E45E215F5A3F47BC98C9BAE3;
		};

		6E55CE800FFA440AAF179261 = {
			isa = PBXFileReference;
			path = "Features/Accounts/AddEditAccountView.swift";
			sourceTree = "<group>";
			lastKnownFileType = sourcecode.swift;
		};

		F1E52CD4EC3747859070708A = {
			isa = PBXBuildFile;
			fileRef = 6E55CE800FFA440AAF179261;
		};

		67C8539A2CEE46CCBD4D2BFC = {
			isa = PBXFileReference;
			path = "Features/BudgetGoals/AddEditBudgetView.swift";
			sourceTree = "<group>";
			lastKnownFileType = sourcecode.swift;
		};

		1F9A6FE9D8614B37920A309C = {
			isa = PBXBuildFile;
			fileRef = 67C8539A2CEE46CCBD4D2BFC;
		};

		5021C88AA4794CE5958C2938 = {
			isa = PBXFileReference;
			path = "Features/BudgetGoals/AddEditGoalView.swift";
			sourceTree = "<group>";
			lastKnownFileType = sourcecode.swift;
		};

		4454EE887E4A4070B3A87640 = {
			isa = PBXBuildFile;
			fileRef = 5021C88AA4794CE5958C2938;
		};

		180C466243354B45BAF1F026 = {
			isa = PBXFileReference;
			path = "Features/BudgetGoals/BudgetGoalsView.swift";
			sourceTree = "<group>";
			lastKnownFileType = sourcecode.swift;
		};

		8EEB611A522444C49766643F = {
			isa = PBXBuildFile;
			fileRef = 180C466243354B45BAF1F026;
		};

		354BC693563042C0863E9BB3 = {
			isa = PBXFileReference;
			path = "Features/BudgetGoals/BudgetGoalsViewModel.swift";
			sourceTree = "<group>";
			lastKnownFileType = sourcecode.swift;
		};

		06FB1920B3A44CBD9B104C10 = {
			isa = PBXBuildFile;
			fileRef = 354BC693563042C0863E9BB3;
		};

		38F7E40076C44F8CBF2A6C48 = {
			isa = PBXFileReference;
			path = "Features/BudgetGoals/BudgetService.swift";
			sourceTree = "<group>";
			lastKnownFileType = sourcecode.swift;
		};

		9FB07A13CABD412AB5140098 = {
			isa = PBXBuildFile;
			fileRef = 38F7E40076C44F8CBF2A6C48;
		};

		ECAF73AE548249B89E8E2B92 = {
			isa = PBXFileReference;
			path = "Features/BudgetGoals/GoalDetailView.swift";
			sourceTree = "<group>";
			lastKnownFileType = sourcecode.swift;
		};

		E5E9B93F863E4A3590D0161E = {
			isa = PBXBuildFile;
			fileRef = ECAF73AE548249B89E8E2B92;
		};

		BDB1E225879544C0907D375D = {
			isa = PBXFileReference;
			path = "Features/BudgetGoals/PlanningView.swift";
			sourceTree = "<group>";
			lastKnownFileType = sourcecode.swift;
		};

		404F58B174624494B65C1524 = {
			isa = PBXBuildFile;
			fileRef = BDB1E225879544C0907D375D;
		};

		B0329C8D968B4DA181BFD11F = {
			isa = PBXFileReference;
			path = "Features/BudgetGoals/SavingsGoalsListView.swift";
			sourceTree = "<group>";
			lastKnownFileType = sourcecode.swift;
		};

		4A1A973B4C89447182760433 = {
			isa = PBXBuildFile;
			fileRef = B0329C8D968B4DA181BFD11F;
		};

		2CFFBD96935E4451B6F109CE = {
			isa = PBXFileReference;
			path = "Features/Categories/CategoriesView.swift";
			sourceTree = "<group>";
			lastKnownFileType = sourcecode.swift;
		};

		98ACB1976F294511B5E61EF9 = {
			isa = PBXBuildFile;
			fileRef = 2CFFBD96935E4451B6F109CE;
		};

		F66951648BF04BA4AF02F420 = {
			isa = PBXFileReference;
			path = "Features/Categories/CategoriesViewModel.swift";
			sourceTree = "<group>";
			lastKnownFileType = sourcecode.swift;
		};

		4467CD2839E44CCFA228C431 = {
			isa = PBXBuildFile;
			fileRef = F66951648BF04BA4AF02F420;
		};

		C8A823312A5B4609B352C339 = {
			isa = PBXFileReference;
			path = "Features/Dashboard/DashboardView.swift";
			sourceTree = "<group>";
			lastKnownFileType = sourcecode.swift;
		};

		5AD3E0283A6241628DAF7D73 = {
			isa = PBXBuildFile;
			fileRef = C8A823312A5B4609B352C339;
		};

		95FF10972DA840AF83BE3EEF = {
			isa = PBXFileReference;
			path = "Features/Dashboard/DashboardViewModel.swift";
			sourceTree = "<group>";
			lastKnownFileType = sourcecode.swift;
		};

		296CA2E517104EDE895E0531 = {
			isa = PBXBuildFile;
			fileRef = 95FF10972DA840AF83BE3EEF;
		};

		E3685902FE1F4C6CBD7967F4 = {
			isa = PBXFileReference;
			path = "Features/Dashboard/NetWorthTrendView.swift";
			sourceTree = "<group>";
			lastKnownFileType = sourcecode.swift;
		};

		B35565FDD74F4278A35B6026 = {
			isa = PBXBuildFile;
			fileRef = E3685902FE1F4C6CBD7967F4;
		};

		C7A120CC66714E958932F7F9 = {
			isa = PBXFileReference;
			path = "Features/MoodAnalytics/MoodAnalyticsService.swift";
			sourceTree = "<group>";
			lastKnownFileType = sourcecode.swift;
		};

		E4B4FAA8C37046D49562D6ED = {
			isa = PBXBuildFile;
			fileRef = C7A120CC66714E958932F7F9;
		};

		673172ADAD664AF6A078D1F4 = {
			isa = PBXFileReference;
			path = "Features/MoodAnalytics/MoodAnalyticsView.swift";
			sourceTree = "<group>";
			lastKnownFileType = sourcecode.swift;
		};

		374785952CEC4C3BAFE90029 = {
			isa = PBXBuildFile;
			fileRef = 673172ADAD664AF6A078D1F4;
		};

		640B001002B9406AA2F0D0BF = {
			isa = PBXFileReference;
			path = "Features/Onboarding/OnboardingView.swift";
			sourceTree = "<group>";
			lastKnownFileType = sourcecode.swift;
		};

		3446ED6C539F427FBAE15975 = {
			isa = PBXBuildFile;
			fileRef = 640B001002B9406AA2F0D0BF;
		};

		7638F75D262B4ADAB9CC35C7 = {
			isa = PBXFileReference;
			path = "Features/Reports/Components/PieChartView.swift";
			sourceTree = "<group>";
			lastKnownFileType = sourcecode.swift;
		};

		21CEA58FF5D94ADFBEFAE05D = {
			isa = PBXBuildFile;
			fileRef = 7638F75D262B4ADAB9CC35C7;
		};

		A4CFEC9D19DA4F6CAE34B6E8 = {
			isa = PBXFileReference;
			path = "Features/Reports/MonthlyReportService.swift";
			sourceTree = "<group>";
			lastKnownFileType = sourcecode.swift;
		};

		4CDE70FF97B94B6EAC64D168 = {
			isa = PBXBuildFile;
			fileRef = A4CFEC9D19DA4F6CAE34B6E8;
		};

		64DA5EE014B542BD847CB9FC = {
			isa = PBXFileReference;
			path = "Features/Reports/ReportsView.swift";
			sourceTree = "<group>";
			lastKnownFileType = sourcecode.swift;
		};

		5AE32EE1629E4996813C8211 = {
			isa = PBXBuildFile;
			fileRef = 64DA5EE014B542BD847CB9FC;
		};

		7AE9D7B83A45482FBD948E65 = {
			isa = PBXFileReference;
			path = "Features/Settings/AddEditCategoryView.swift";
			sourceTree = "<group>";
			lastKnownFileType = sourcecode.swift;
		};

		5DBC50FCA0FF44CEACD8869F = {
			isa = PBXBuildFile;
			fileRef = 7AE9D7B83A45482FBD948E65;
		};

		B4984DE6C0A54EE7BB010877 = {
			isa = PBXFileReference;
			path = "Features/Settings/CategorySettingsView.swift";
			sourceTree = "<group>";
			lastKnownFileType = sourcecode.swift;
		};

		6476CA1386044C668D602B5B = {
			isa = PBXBuildFile;
			fileRef = B4984DE6C0A54EE7BB010877;
		};

		87BAAB85AFA042F0861AFFB9 = {
			isa = PBXFileReference;
			path = "Features/Settings/SettingsView.swift";
			sourceTree = "<group>";
			lastKnownFileType = sourcecode.swift;
		};

		1C36CDF501A14E8AACA631F9 = {
			isa = PBXBuildFile;
			fileRef = 87BAAB85AFA042F0861AFFB9;
		};

		56CE87918FC44A768430ACBE = {
			isa = PBXFileReference;
			path = "Features/Settings/SettingsViewModel.swift";
			sourceTree = "<group>";
			lastKnownFileType = sourcecode.swift;
		};

		62FFED814202433E9218CA79 = {
			isa = PBXBuildFile;
			fileRef = 56CE87918FC44A768430ACBE;
		};

		A8DECFFFF4EE427FAEB573DB = {
			isa = PBXFileReference;
			path = "Features/Subscription/AddEditSubscriptionView.swift";
			sourceTree = "<group>";
			lastKnownFileType = sourcecode.swift;
		};

		EF9B01CA25A1446887B77749 = {
			isa = PBXBuildFile;
			fileRef = A8DECFFFF4EE427FAEB573DB;
		};

		325F755A3D79488E8E0269B1 = {
			isa = PBXFileReference;
			path = "Features/Subscription/SubscriptionListView.swift";
			sourceTree = "<group>";
			lastKnownFileType = sourcecode.swift;
		};

		F5965BB324F140FB82F43AFB = {
			isa = PBXBuildFile;
			fileRef = 325F755A3D79488E8E0269B1;
		};

		3D3DF2FF771C447E973C1094 = {
			isa = PBXFileReference;
			path = "Features/Transactions/AddEditTransactionView.swift";
			sourceTree = "<group>";
			lastKnownFileType = sourcecode.swift;
		};

		7E5E3B4A816A4DFB84B45882 = {
			isa = PBXBuildFile;
			fileRef = 3D3DF2FF771C447E973C1094;
		};

		EAF8EC25321349078CC6C7B2 = {
			isa = PBXFileReference;
			path = "Features/Transactions/AddTransactionView.swift";
			sourceTree = "<group>";
			lastKnownFileType = sourcecode.swift;
		};

		AF71076FEC35402C929A0DB2 = {
			isa = PBXBuildFile;
			fileRef = EAF8EC25321349078CC6C7B2;
		};

		B08FE3301EC64A41A87928EC = {
			isa = PBXFileReference;
			path = "Features/Transactions/TransactionListView.swift";
			sourceTree = "<group>";
			lastKnownFileType = sourcecode.swift;
		};

		5D470056AAE84C48B520DE44 = {
			isa = PBXBuildFile;
			fileRef = B08FE3301EC64A41A87928EC;
		};

		99803EB8CDC34D8084C4D254 = {
			isa = PBXFileReference;
			path = "Features/Transactions/TransactionService.swift";
			sourceTree = "<group>";
			lastKnownFileType = sourcecode.swift;
		};

		095B6E1496ED45AC8881587A = {
			isa = PBXBuildFile;
			fileRef = 99803EB8CDC34D8084C4D254;
		};

		AD1BCB653E334050A5721BB4 = {
			isa = PBXFileReference;
			path = "Features/Transactions/TransactionsViewModel.swift";
			sourceTree = "<group>";
			lastKnownFileType = sourcecode.swift;
		};

		AA13BA0291D542BE832605B8 = {
			isa = PBXBuildFile;
			fileRef = AD1BCB653E334050A5721BB4;
		};

		E426FAC960A04D27B973EC58 = {
			isa = PBXFileReference;
			path = FinFlowApp.swift;
			sourceTree = "<group>";
			lastKnownFileType = sourcecode.swift;
		};

		45DCBDD6E7F24CF1A07D2B2C = {
			isa = PBXBuildFile;
			fileRef = E426FAC960A04D27B973EC58;
		};

		A736DD97D9EE498E9097FAD7 = {
			isa = PBXFileReference;
			path = Info.plist;
			sourceTree = "<group>";
			lastKnownFileType = text.plist.xml;
		};

		2189A3CC0E60472281761F5C = {
			isa = PBXFileReference;
			path = "Models/Account.swift";
			sourceTree = "<group>";
			lastKnownFileType = sourcecode.swift;
		};

		88E1042C4E8B41BD8129A275 = {
			isa = PBXBuildFile;
			fileRef = 2189A3CC0E60472281761F5C;
		};

		C09EAFA432F24107823170CA = {
			isa = PBXFileReference;
			path = "Models/AccountType.swift";
			sourceTree = "<group>";
			lastKnownFileType = sourcecode.swift;
		};

		4D4D5F0770B34757865777B7 = {
			isa = PBXBuildFile;
			fileRef = C09EAFA432F24107823170CA;
		};

		BD1CA584BA6247D08C860B1F = {
			isa = PBXFileReference;
			path = "Models/Budget.swift";
			sourceTree = "<group>";
			lastKnownFileType = sourcecode.swift;
		};

		391A262512994C9387A423ED = {
			isa = PBXBuildFile;
			fileRef = BD1CA584BA6247D08C860B1F;
		};

		508BA01B08F244F0A3E02103 = {
			isa = PBXFileReference;
			path = "Models/Category.swift";
			sourceTree = "<group>";
			lastKnownFileType = sourcecode.swift;
		};

		566889728FBF495796668F05 = {
			isa = PBXBuildFile;
			fileRef = 508BA01B08F244F0A3E02103;
		};

		0085325C4D0B406FBE61589E = {
			isa = PBXFileReference;
			path = "Models/CategoryType.swift";
			sourceTree = "<group>";
			lastKnownFileType = sourcecode.swift;
		};

		B9F5C45A47A94D3CBF45DDA3 = {
			isa = PBXBuildFile;
			fileRef = 0085325C4D0B406FBE61589E;
		};

		21E400BD132C4CC4A462F2C7 = {
			isa = PBXFileReference;
			path = "Models/ModelPreviewData.swift";
			sourceTree = "<group>";
			lastKnownFileType = sourcecode.swift;
		};

		859C283A3C3D4A66B408E8E1 = {
			isa = PBXBuildFile;
			fileRef = 21E400BD132C4CC4A462F2C7;
		};

		0FD6D39DD90B4727BBE6FF9D = {
			isa = PBXFileReference;
			path = "Models/README.md";
			sourceTree = "<group>";
			lastKnownFileType = text;
		};

		22E5901F05C045B9916E72CE = {
			isa = PBXFileReference;
			path = "Models/SavingsGoal.swift";
			sourceTree = "<group>";
			lastKnownFileType = sourcecode.swift;
		};

		212053F6471B4AB4856B1BEC = {
			isa = PBXBuildFile;
			fileRef = 22E5901F05C045B9916E72CE;
		};

		F41D689111C040AC9069C063 = {
			isa = PBXFileReference;
			path = "Models/Subscription.swift";
			sourceTree = "<group>";
			lastKnownFileType = sourcecode.swift;
		};

		A85CBC7256F5429AB1A055F2 = {
			isa = PBXBuildFile;
			fileRef = F41D689111C040AC9069C063;
		};

		C3A8BA87E9C64EBAB2999B6C = {
			isa = PBXFileReference;
			path = "Models/Transaction.swift";
			sourceTree = "<group>";
			lastKnownFileType = sourcecode.swift;
		};

		936CC547E30D4AF7B7D7FA09 = {
			isa = PBXBuildFile;
			fileRef = C3A8BA87E9C64EBAB2999B6C;
		};

		62A8B0DA44CA4AB1B08B8235 = {
			isa = PBXFileReference;
			path = "Models/TransactionType.swift";
			sourceTree = "<group>";
			lastKnownFileType = sourcecode.swift;
		};

		E02B0833F40D45CE9385ACB3 = {
			isa = PBXBuildFile;
			fileRef = 62A8B0DA44CA4AB1B08B8235;
		};

		3C55406CC1D64429B78D84BE = {
			isa = PBXFileReference;
			path = "Models/UserSettings.swift";
			sourceTree = "<group>";
			lastKnownFileType = sourcecode.swift;
		};

		61B5E2A9E3274BF78BAD830B = {
			isa = PBXBuildFile;
			fileRef = 3C55406CC1D64429B78D84BE;
		};

		3FC13A5AB8B14B2A9D81AFEC = {
			isa = PBXSourcesBuildPhase;
			buildActionMask = 2147483647;
			files = (
				02577ACF20A243049885D8AF,
				304FE50046B74529A1C4219E,
				A349B25E3D1242E087891AA7,
				1FC0275B99CB4F61B92C6570,
				42979F9E95A946A09746D386,
				D4E46C8177234B94B7C970B9,
				95AD557FA4694869A9EE3473,
				4828D729B9194BA691212037,
				0C66635D37FC4F63BC5FC2FE,
				C289F3AB42B94C56AF6909A1,
				4D70BE3280B84610BCB06AF6,
				1C7329F0EDC449CDABFF2C12,
				0B3F6DB801F5400F96B091D6,
				228021DDF7AB46428A59850F,
				DBC60145307F477D9B36C29E,
				2D1495CAABC9460BBB957490,
				23A79C96E7614461B104CC2C,
				AB6AAD1E1244495B8500CEF9,
				65F4A86B81044684A3EEB587,
				6CFD328862894862B26E8D93,
				83A1F80F787F47C487797970,
				997A0B6CB118405D9B5195CC,
				272509EC4E15465D93966A64,
				F1E52CD4EC3747859070708A,
				1F9A6FE9D8614B37920A309C,
				4454EE887E4A4070B3A87640,
				8EEB611A522444C49766643F,
				06FB1920B3A44CBD9B104C10,
				9FB07A13CABD412AB5140098,
				E5E9B93F863E4A3590D0161E,
				404F58B174624494B65C1524,
				4A1A973B4C89447182760433,
				98ACB1976F294511B5E61EF9,
				4467CD2839E44CCFA228C431,
				5AD3E0283A6241628DAF7D73,
				296CA2E517104EDE895E0531,
				B35565FDD74F4278A35B6026,
				E4B4FAA8C37046D49562D6ED,
				374785952CEC4C3BAFE90029,
				3446ED6C539F427FBAE15975,
				21CEA58FF5D94ADFBEFAE05D,
				4CDE70FF97B94B6EAC64D168,
				5AE32EE1629E4996813C8211,
				5DBC50FCA0FF44CEACD8869F,
				6476CA1386044C668D602B5B,
				1C36CDF501A14E8AACA631F9,
				62FFED814202433E9218CA79,
				EF9B01CA25A1446887B77749,
				F5965BB324F140FB82F43AFB,
				7E5E3B4A816A4DFB84B45882,
				AF71076FEC35402C929A0DB2,
				5D470056AAE84C48B520DE44,
				095B6E1496ED45AC8881587A,
				AA13BA0291D542BE832605B8,
				45DCBDD6E7F24CF1A07D2B2C,
				88E1042C4E8B41BD8129A275,
				4D4D5F0770B34757865777B7,
				391A262512994C9387A423ED,
				566889728FBF495796668F05,
				B9F5C45A47A94D3CBF45DDA3,
				859C283A3C3D4A66B408E8E1,
				212053F6471B4AB4856B1BEC,
				A85CBC7256F5429AB1A055F2,
				936CC547E30D4AF7B7D7FA09,
				E02B0833F40D45CE9385ACB3,
				61B5E2A9E3274BF78BAD830B
			);
			runOnlyForDeploymentPostprocessing = 0;
		};

		390C2524EA5646ED95E1AA54 = {
			isa = PBXResourcesBuildPhase;
			buildActionMask = 2147483647;
			files = (
				40249DFF2F984B5185720CD1
			);
			runOnlyForDeploymentPostprocessing = 0;
		};

		24AAD583FCC6499D9492F096 = {
			isa = PBXGroup;
			children = (
				6FF7CB62FDF9467FA5E57F44,
				9536DDC04DDF48BDAC6C36BB,
				C658A414B5834348A3610BC6,
				C881CBAE9D78479FA07C4753,
				6ED2F66ADE0D464BA73FF1ED,
				6FBCB67847D74533B4B320B9,
				16ED83F8BDDC49E9A12AA0C0,
				144C95574DF5424F87D6C442,
				B3DB20290D3D4D04881AE592,
				82872E101EF84859B2D354B8,
				E06B02BA0AA44896BCF9A21B,
				1069D3278CD041A98D6D90E9,
				67F9A396811243D098C1FAC7,
				CA0940560B0F49D0AC468345,
				E66BA3765C7B4877865CB481,
				0330DD815CEC49AC91A40F8A,
				F16FE4E560E04083AD1DCD60,
				DB0BADCAB1F3421B8C75AC82,
				77305D536FAC4273BBB18ABE,
				8A2D6B908A514187A1619ED0,
				AACAE586CEE94F6DA215D50E,
				F06D34886ACD444783FEB262,
				70CAECB64EA5452FB6E9D175,
				E45E215F5A3F47BC98C9BAE3,
				6E55CE800FFA440AAF179261,
				67C8539A2CEE46CCBD4D2BFC,
				5021C88AA4794CE5958C2938,
				180C466243354B45BAF1F026,
				354BC693563042C0863E9BB3,
				38F7E40076C44F8CBF2A6C48,
				ECAF73AE548249B89E8E2B92,
				BDB1E225879544C0907D375D,
				B0329C8D968B4DA181BFD11F,
				2CFFBD96935E4451B6F109CE,
				F66951648BF04BA4AF02F420,
				C8A823312A5B4609B352C339,
				95FF10972DA840AF83BE3EEF,
				E3685902FE1F4C6CBD7967F4,
				C7A120CC66714E958932F7F9,
				673172ADAD664AF6A078D1F4,
				640B001002B9406AA2F0D0BF,
				7638F75D262B4ADAB9CC35C7,
				A4CFEC9D19DA4F6CAE34B6E8,
				64DA5EE014B542BD847CB9FC,
				7AE9D7B83A45482FBD948E65,
				B4984DE6C0A54EE7BB010877,
				87BAAB85AFA042F0861AFFB9,
				56CE87918FC44A768430ACBE,
				A8DECFFFF4EE427FAEB573DB,
				325F755A3D79488E8E0269B1,
				3D3DF2FF771C447E973C1094,
				EAF8EC25321349078CC6C7B2,
				B08FE3301EC64A41A87928EC,
				99803EB8CDC34D8084C4D254,
				AD1BCB653E334050A5721BB4,
				E426FAC960A04D27B973EC58,
				A736DD97D9EE498E9097FAD7,
				2189A3CC0E60472281761F5C,
				C09EAFA432F24107823170CA,
				BD1CA584BA6247D08C860B1F,
				508BA01B08F244F0A3E02103,
				0085325C4D0B406FBE61589E,
				21E400BD132C4CC4A462F2C7,
				0FD6D39DD90B4727BBE6FF9D,
				22E5901F05C045B9916E72CE,
				F41D689111C040AC9069C063,
				C3A8BA87E9C64EBAB2999B6C,
				62A8B0DA44CA4AB1B08B8235,
				3C55406CC1D64429B78D84BE,
				4540C36F58AC48C3AADC8D95
			);
			sourceTree = "<group>";
		};

		4540C36F58AC48C3AADC8D95 = {
			isa = PBXGroup;
			children = (
				6C752670B9564E61BC2A9CB3
			);
			name = Products;
			sourceTree = "<group>";
		};

		6C752670B9564E61BC2A9CB3 = {
			isa = PBXFileReference;
			explicitFileType = wrapper.application;
			includeInIndex = 0;
			path = FinFlow.app;
			sourceTree = BUILT_PRODUCTS_DIR;
		};

		9278A6B0C83B47DA8EF13BD7 = {
			isa = XCBuildConfiguration;
			buildSettings = {
				ALWAYS_SEARCH_USER_PATHS = NO;
				CLANG_ENABLE_MODULES = YES;
				CLANG_ENABLE_OBJC_ARC = YES;
				CODE_SIGN_STYLE = Automatic;
				COPY_PHASE_STRIP = NO;
				DEBUG_INFORMATION_FORMAT = dwarf;
				ENABLE_STRICT_OBJC_MSGSEND = YES;
				GCC_DYNAMIC_NO_PIC = NO;
				GCC_OPTIMIZATION_LEVEL = 0;
				GCC_PREPROCESSOR_DEFINITIONS = (
					"DEBUG=1",
					"$(inherited)"
				);
				GCC_SYMBOLS_PRIVATE_EXTERN = NO;
				IPHONEOS_DEPLOYMENT_TARGET = 17.0;
				MTL_ENABLE_DEBUG_INFO = INCLUDE_SOURCE;
				MTL_FAST_MATH = YES;
				ONLY_ACTIVE_ARCH = YES;
				SDKROOT = iphoneos;
				SWIFT_OPTIMIZATION_LEVEL = "-Onone";
				SWIFT_VERSION = 5.0;
			};
			name = Debug;
		};

		6CC75AB227E942A195F6D8CF = {
			isa = XCBuildConfiguration;
			buildSettings = {
				ALWAYS_SEARCH_USER_PATHS = NO;
				CLANG_ENABLE_MODULES = YES;
				CLANG_ENABLE_OBJC_ARC = YES;
				CODE_SIGN_STYLE = Automatic;
				COPY_PHASE_STRIP = NO;
				DEBUG_INFORMATION_FORMAT = "dwarf-with-dsym";
				ENABLE_NS_ASSERTIONS = NO;
				ENABLE_STRICT_OBJC_MSGSEND = YES;
				IPHONEOS_DEPLOYMENT_TARGET = 17.0;
				MTL_ENABLE_DEBUG_INFO = NO;
				MTL_FAST_MATH = YES;
				SDKROOT = iphoneos;
				SWIFT_COMPILATION_MODE = wholemodule;
				SWIFT_OPTIMIZATION_LEVEL = "-O";
				SWIFT_VERSION = 5.0;
				VALIDATE_PRODUCT = YES;
			};
			name = Release;
		};

		91B6C1A702344D52810F12BB = {
			isa = XCConfigurationList;
			buildConfigurations = (
				9278A6B0C83B47DA8EF13BD7,
				6CC75AB227E942A195F6D8CF
			);
			defaultConfigurationIsVisible = 0;
			defaultConfigurationName = Release;
		};

		40404EAEACB94C3F9C5810A2 = {
			isa = XCBuildConfiguration;
			buildSettings = {
				ASSETCATALOG_COMPILER_APPICON_NAME = AppIcon;
				ASSETCATALOG_COMPILER_GLOBAL_ACCENT_COLOR_NAME = AccentColor;
				CODE_SIGN_STYLE = Automatic;
				CURRENT_PROJECT_VERSION = 1;
				DEVELOPMENT_TEAM = "";
				GENERATE_INFOPLIST_FILE = NO;
				INFOPLIST_FILE = Info.plist;
				IPHONEOS_DEPLOYMENT_TARGET = 17.0;
				LD_RUNPATH_SEARCH_PATHS = (
					"$(inherited)",
					"@executable_path/Frameworks"
				);
				MARKETING_VERSION = 1.0;
				PRODUCT_BUNDLE_IDENTIFIER = com.leonard1220.FinFlow;
				PRODUCT_NAME = "$(TARGET_NAME)";
				SWIFT_EMIT_LOC_STRINGS = YES;
				SWIFT_VERSION = 5.0;
				TARGETED_DEVICE_FAMILY = "1,2";
			};
			name = Debug;
		};

		51EACACE6ECC477C93C8364F = {
			isa = XCBuildConfiguration;
			buildSettings = {
				ASSETCATALOG_COMPILER_APPICON_NAME = AppIcon;
				ASSETCATALOG_COMPILER_GLOBAL_ACCENT_COLOR_NAME = AccentColor;
				CODE_SIGN_STYLE = Automatic;
				CURRENT_PROJECT_VERSION = 1;
				DEVELOPMENT_TEAM = "";
				GENERATE_INFOPLIST_FILE = NO;
				INFOPLIST_FILE = Info.plist;
				IPHONEOS_DEPLOYMENT_TARGET = 17.0;
				LD_RUNPATH_SEARCH_PATHS = (
					"$(inherited)",
					"@executable_path/Frameworks"
				);
				MARKETING_VERSION = 1.0;
				PRODUCT_BUNDLE_IDENTIFIER = com.leonard1220.FinFlow;
				PRODUCT_NAME = "$(TARGET_NAME)";
				SWIFT_EMIT_LOC_STRINGS = YES;
				SWIFT_VERSION = 5.0;
				TARGETED_DEVICE_FAMILY = "1,2";
			};
			name = Release;
		};

		1B8A2E01808B4A6EAF659254 = {
			isa = XCConfigurationList;
			buildConfigurations = (
				40404EAEACB94C3F9C5810A2,
				51EACACE6ECC477C93C8364F
			);
			defaultConfigurationIsVisible = 0;
			defaultConfigurationName = Release;
		};

		51C647C729E94D318CF32515 = {
			isa = PBXNativeTarget;
			buildConfigurationList = 1B8A2E01808B4A6EAF659254;
			buildPhases = (
				3FC13A5AB8B14B2A9D81AFEC,
				390C2524EA5646ED95E1AA54
			);
			buildRules = ();
			dependencies = ();
			name = FinFlow;
			productName = FinFlow;
			productReference = 6C752670B9564E61BC2A9CB3;
			productType = "com.apple.product-type.application";
		};

		601E970E41AB474DA53337A3 = {
			isa = PBXProject;
			attributes = {
				BuildIndependentTargetsInParallel = 1;
				LastSwiftUpdateCheck = 1420;
				LastUpgradeCheck = 1420;
				TargetAttributes = {
					51C647C729E94D318CF32515 = {
						CreatedOnToolsVersion = 14.2;
					};
				};
			};
			buildConfigurationList = 91B6C1A702344D52810F12BB;
			compatibilityVersion = "Xcode 14.0";
			developmentRegion = en;
			hasScannedForEncodings = 0;
			knownRegions = (
				en,
				Base
			);
			mainGroup = 24AAD583FCC6499D9492F096;
			productRefGroup = 4540C36F58AC48C3AADC8D95;
			projectDirPath = "";
			projectRoot = "";
			targets = (
				51C647C729E94D318CF32515
			);
		};
	};
	rootObject = 601E970E41AB474DA53337A3;
}